// !$*UTF8*$!
{
	archiveVersion = 1;
	classes = {
	};
	objectVersion = 46;
	objects = {

/* Begin PBXBuildFile section */
		D32916841C55B36400CE46B6 /* CommonString.m in Sources */ = {isa = PBXBuildFile; fileRef = D32916831C55B36400CE46B6 /* CommonString.m */; };
		D32916871C55B37800CE46B6 /* StoryboardId.m in Sources */ = {isa = PBXBuildFile; fileRef = D32916861C55B37800CE46B6 /* StoryboardId.m */; };
		D329168A1C55B38D00CE46B6 /* CommonSize.m in Sources */ = {isa = PBXBuildFile; fileRef = D32916891C55B38D00CE46B6 /* CommonSize.m */; };
		D329168E1C55B3D800CE46B6 /* CommonColor.m in Sources */ = {isa = PBXBuildFile; fileRef = D329168D1C55B3D800CE46B6 /* CommonColor.m */; };
		D32916941C55B51900CE46B6 /* CommonResource.m in Sources */ = {isa = PBXBuildFile; fileRef = D32916931C55B51900CE46B6 /* CommonResource.m */; };
		D32916991C55B6CA00CE46B6 /* UIColor+HexColor.m in Sources */ = {isa = PBXBuildFile; fileRef = D32916981C55B6CA00CE46B6 /* UIColor+HexColor.m */; };
		D32916A01C55B75D00CE46B6 /* MBProgressHUD.m in Sources */ = {isa = PBXBuildFile; fileRef = D329169D1C55B75D00CE46B6 /* MBProgressHUD.m */; };
		D32916A11C55B75D00CE46B6 /* SNLoading.m in Sources */ = {isa = PBXBuildFile; fileRef = D329169F1C55B75D00CE46B6 /* SNLoading.m */; };
		D32916A41C55B76700CE46B6 /* iToast.m in Sources */ = {isa = PBXBuildFile; fileRef = D32916A31C55B76700CE46B6 /* iToast.m */; };
		D32916CF1C55B7DF00CE46B6 /* AFHTTPRequestOperation.m in Sources */ = {isa = PBXBuildFile; fileRef = D32916A91C55B7DF00CE46B6 /* AFHTTPRequestOperation.m */; };
		D32916D01C55B7DF00CE46B6 /* AFHTTPRequestOperationManager.m in Sources */ = {isa = PBXBuildFile; fileRef = D32916AB1C55B7DF00CE46B6 /* AFHTTPRequestOperationManager.m */; };
		D32916D11C55B7DF00CE46B6 /* AFHTTPSessionManager.m in Sources */ = {isa = PBXBuildFile; fileRef = D32916AD1C55B7DF00CE46B6 /* AFHTTPSessionManager.m */; };
		D32916D21C55B7DF00CE46B6 /* AFNetworkReachabilityManager.m in Sources */ = {isa = PBXBuildFile; fileRef = D32916B01C55B7DF00CE46B6 /* AFNetworkReachabilityManager.m */; };
		D32916D31C55B7DF00CE46B6 /* AFSecurityPolicy.m in Sources */ = {isa = PBXBuildFile; fileRef = D32916B21C55B7DF00CE46B6 /* AFSecurityPolicy.m */; };
		D32916D41C55B7DF00CE46B6 /* AFURLConnectionOperation.m in Sources */ = {isa = PBXBuildFile; fileRef = D32916B41C55B7DF00CE46B6 /* AFURLConnectionOperation.m */; };
		D32916D51C55B7DF00CE46B6 /* AFURLRequestSerialization.m in Sources */ = {isa = PBXBuildFile; fileRef = D32916B61C55B7DF00CE46B6 /* AFURLRequestSerialization.m */; };
		D32916D61C55B7DF00CE46B6 /* AFURLResponseSerialization.m in Sources */ = {isa = PBXBuildFile; fileRef = D32916B81C55B7DF00CE46B6 /* AFURLResponseSerialization.m */; };
		D32916D71C55B7DF00CE46B6 /* AFURLSessionManager.m in Sources */ = {isa = PBXBuildFile; fileRef = D32916BA1C55B7DF00CE46B6 /* AFURLSessionManager.m */; };
		D32916D81C55B7DF00CE46B6 /* LICENSE in Resources */ = {isa = PBXBuildFile; fileRef = D32916BB1C55B7DF00CE46B6 /* LICENSE */; };
		D32916D91C55B7DF00CE46B6 /* README.md in Sources */ = {isa = PBXBuildFile; fileRef = D32916BC1C55B7DF00CE46B6 /* README.md */; };
		D32916DA1C55B7DF00CE46B6 /* AFNetworkActivityIndicatorManager.m in Sources */ = {isa = PBXBuildFile; fileRef = D32916BF1C55B7DF00CE46B6 /* AFNetworkActivityIndicatorManager.m */; };
		D32916DB1C55B7DF00CE46B6 /* UIActivityIndicatorView+AFNetworking.m in Sources */ = {isa = PBXBuildFile; fileRef = D32916C11C55B7DF00CE46B6 /* UIActivityIndicatorView+AFNetworking.m */; };
		D32916DC1C55B7DF00CE46B6 /* UIAlertView+AFNetworking.m in Sources */ = {isa = PBXBuildFile; fileRef = D32916C31C55B7DF00CE46B6 /* UIAlertView+AFNetworking.m */; };
		D32916DD1C55B7DF00CE46B6 /* UIButton+AFNetworking.m in Sources */ = {isa = PBXBuildFile; fileRef = D32916C51C55B7DF00CE46B6 /* UIButton+AFNetworking.m */; };
		D32916DE1C55B7DF00CE46B6 /* UIImageView+AFNetworking.m in Sources */ = {isa = PBXBuildFile; fileRef = D32916C71C55B7DF00CE46B6 /* UIImageView+AFNetworking.m */; };
		D32916DF1C55B7DF00CE46B6 /* UIProgressView+AFNetworking.m in Sources */ = {isa = PBXBuildFile; fileRef = D32916CA1C55B7DF00CE46B6 /* UIProgressView+AFNetworking.m */; };
		D32916E01C55B7DF00CE46B6 /* UIRefreshControl+AFNetworking.m in Sources */ = {isa = PBXBuildFile; fileRef = D32916CC1C55B7DF00CE46B6 /* UIRefreshControl+AFNetworking.m */; };
		D32916E11C55B7DF00CE46B6 /* UIWebView+AFNetworking.m in Sources */ = {isa = PBXBuildFile; fileRef = D32916CE1C55B7DF00CE46B6 /* UIWebView+AFNetworking.m */; };
		D32916E41C55B84100CE46B6 /* Movie.m in Sources */ = {isa = PBXBuildFile; fileRef = D32916E31C55B84100CE46B6 /* Movie.m */; };
		D32916E71C55B98E00CE46B6 /* DataManager.m in Sources */ = {isa = PBXBuildFile; fileRef = D32916E61C55B98E00CE46B6 /* DataManager.m */; };
		D32916EA1C55BA0700CE46B6 /* User.m in Sources */ = {isa = PBXBuildFile; fileRef = D32916E91C55BA0700CE46B6 /* User.m */; };
		D35C601F1C718A670026A710 /* UpdateMovieController.m in Sources */ = {isa = PBXBuildFile; fileRef = D35C601E1C718A670026A710 /* UpdateMovieController.m */; };
		D365791B1C55D1B300F51DA3 /* SlideMenuController.m in Sources */ = {isa = PBXBuildFile; fileRef = D365791A1C55D1B300F51DA3 /* SlideMenuController.m */; };
		D365791E1C55DAB000F51DA3 /* MovieSearch.m in Sources */ = {isa = PBXBuildFile; fileRef = D365791D1C55DAB000F51DA3 /* MovieSearch.m */; };
		D36579241C55F38E00F51DA3 /* ManageAPI.m in Sources */ = {isa = PBXBuildFile; fileRef = D36579231C55F38E00F51DA3 /* ManageAPI.m */; };
		D36579271C55F70600F51DA3 /* CommonConstant.m in Sources */ = {isa = PBXBuildFile; fileRef = D36579261C55F70600F51DA3 /* CommonConstant.m */; };
		D365792A1C5602A600F51DA3 /* MainController.m in Sources */ = {isa = PBXBuildFile; fileRef = D36579291C5602A600F51DA3 /* MainController.m */; };
		D36579321C56049100F51DA3 /* JASidePanelController.m in Sources */ = {isa = PBXBuildFile; fileRef = D365792F1C56049100F51DA3 /* JASidePanelController.m */; };
		D36579331C56049100F51DA3 /* UIViewController+JASidePanel.m in Sources */ = {isa = PBXBuildFile; fileRef = D36579311C56049100F51DA3 /* UIViewController+JASidePanel.m */; };
		D36579391C5616D000F51DA3 /* DetailMovieCell.m in Sources */ = {isa = PBXBuildFile; fileRef = D36579381C5616D000F51DA3 /* DetailMovieCell.m */; };
		D365793F1C570C2E00F51DA3 /* MovieCell.m in Sources */ = {isa = PBXBuildFile; fileRef = D365793E1C570C2E00F51DA3 /* MovieCell.m */; };
		D36579421C570FA700F51DA3 /* CollectionMovie.m in Sources */ = {isa = PBXBuildFile; fileRef = D36579411C570FA700F51DA3 /* CollectionMovie.m */; };
		D36579441C58565200F51DA3 /* DBAccess.framework in Frameworks */ = {isa = PBXBuildFile; fileRef = D36579431C58565200F51DA3 /* DBAccess.framework */; };
		D36579481C58574A00F51DA3 /* DataAccess.m in Sources */ = {isa = PBXBuildFile; fileRef = D36579471C58574A00F51DA3 /* DataAccess.m */; };
		D365794A1C5889F700F51DA3 /* user_icon.png in Resources */ = {isa = PBXBuildFile; fileRef = D36579491C5889F700F51DA3 /* user_icon.png */; };
		D365794D1C58A65E00F51DA3 /* SlideMenuCell.m in Sources */ = {isa = PBXBuildFile; fileRef = D365794C1C58A65E00F51DA3 /* SlideMenuCell.m */; };
		D36579501C58B07300F51DA3 /* PlayMovieCell.m in Sources */ = {isa = PBXBuildFile; fileRef = D365794F1C58B07300F51DA3 /* PlayMovieCell.m */; };
		D36579541C58CE1E00F51DA3 /* play_icon.png in Resources */ = {isa = PBXBuildFile; fileRef = D36579531C58CE1E00F51DA3 /* play_icon.png */; };
		D36579571C59F1B800F51DA3 /* TopMovieCell.m in Sources */ = {isa = PBXBuildFile; fileRef = D36579561C59F1B800F51DA3 /* TopMovieCell.m */; };
		D365795D1C5EEFA000F51DA3 /* FilmController.m in Sources */ = {isa = PBXBuildFile; fileRef = D365795C1C5EEFA000F51DA3 /* FilmController.m */; };
		D365795F1C5EFF7800F51DA3 /* play_youtube_icon.png in Resources */ = {isa = PBXBuildFile; fileRef = D365795E1C5EFF7800F51DA3 /* play_youtube_icon.png */; };
		D36579611C5F3F5F00F51DA3 /* search_icon.png in Resources */ = {isa = PBXBuildFile; fileRef = D36579601C5F3F5F00F51DA3 /* search_icon.png */; };
		D36579651C5F40A200F51DA3 /* SearchController.m in Sources */ = {isa = PBXBuildFile; fileRef = D36579641C5F40A200F51DA3 /* SearchController.m */; };
		D36579681C5F48B000F51DA3 /* SearchCell.m in Sources */ = {isa = PBXBuildFile; fileRef = D36579671C5F48B000F51DA3 /* SearchCell.m */; };
		D365796C1C60508200F51DA3 /* MPMoviePlayerController+Subtitles.m in Sources */ = {isa = PBXBuildFile; fileRef = D365796B1C60508200F51DA3 /* MPMoviePlayerController+Subtitles.m */; };
		D36579701C6088E800F51DA3 /* NavigationMovieCustomController.m in Sources */ = {isa = PBXBuildFile; fileRef = D365796F1C6088E800F51DA3 /* NavigationMovieCustomController.m */; };
		D36579721C608B5500F51DA3 /* delete.png in Resources */ = {isa = PBXBuildFile; fileRef = D36579711C608B5500F51DA3 /* delete.png */; };
		D36579761C61E39500F51DA3 /* EpisodeController.m in Sources */ = {isa = PBXBuildFile; fileRef = D36579751C61E39500F51DA3 /* EpisodeController.m */; };
		D38CBE771C51D7AC00084126 /* PlayController.m in Sources */ = {isa = PBXBuildFile; fileRef = D38CBE761C51D7AC00084126 /* PlayController.m */; };
		D38CBE791C51D83A00084126 /* MediaPlayer.framework in Frameworks */ = {isa = PBXBuildFile; fileRef = D38CBE781C51D83A00084126 /* MediaPlayer.framework */; };
		D38CBE7F1C51DFD400084126 /* NSString+MD5.m in Sources */ = {isa = PBXBuildFile; fileRef = D38CBE7E1C51DFD400084126 /* NSString+MD5.m */; };
		D3DF75DF1C72C61100CF6C52 /* ListMenuController.m in Sources */ = {isa = PBXBuildFile; fileRef = D3DF75DE1C72C61100CF6C52 /* ListMenuController.m */; };
		D3DF75E91C72F5D300CF6C52 /* home_icon.png in Resources */ = {isa = PBXBuildFile; fileRef = D3DF75E41C72F5D300CF6C52 /* home_icon.png */; };
		D3DF75EA1C72F5D300CF6C52 /* logout_icon.png in Resources */ = {isa = PBXBuildFile; fileRef = D3DF75E51C72F5D300CF6C52 /* logout_icon.png */; };
		D3DF75EB1C72F5D300CF6C52 /* phimbo_icon.png in Resources */ = {isa = PBXBuildFile; fileRef = D3DF75E61C72F5D300CF6C52 /* phimbo_icon.png */; };
		D3DF75EC1C72F5D300CF6C52 /* phimle_icon.png in Resources */ = {isa = PBXBuildFile; fileRef = D3DF75E71C72F5D300CF6C52 /* phimle_icon.png */; };
		D3DF75ED1C72F5D300CF6C52 /* update_icon.png in Resources */ = {isa = PBXBuildFile; fileRef = D3DF75E81C72F5D300CF6C52 /* update_icon.png */; };
		D3DF75F31C72F9FE00CF6C52 /* home__select_icon.png in Resources */ = {isa = PBXBuildFile; fileRef = D3DF75EE1C72F9FE00CF6C52 /* home__select_icon.png */; };
		D3DF75F41C72F9FE00CF6C52 /* logout_select_icon.png in Resources */ = {isa = PBXBuildFile; fileRef = D3DF75EF1C72F9FE00CF6C52 /* logout_select_icon.png */; };
		D3DF75F51C72F9FE00CF6C52 /* phimbo_select_icon.png in Resources */ = {isa = PBXBuildFile; fileRef = D3DF75F01C72F9FE00CF6C52 /* phimbo_select_icon.png */; };
		D3DF75F61C72F9FE00CF6C52 /* phimle_select_icon.png in Resources */ = {isa = PBXBuildFile; fileRef = D3DF75F11C72F9FE00CF6C52 /* phimle_select_icon.png */; };
		D3DF75F71C72F9FE00CF6C52 /* update_select_icon.png in Resources */ = {isa = PBXBuildFile; fileRef = D3DF75F21C72F9FE00CF6C52 /* update_select_icon.png */; };
		D3DF762B1C74465800CF6C52 /* report_icon.png in Resources */ = {isa = PBXBuildFile; fileRef = D3DF762A1C74465800CF6C52 /* report_icon.png */; };
		D3DF762F1C74495E00CF6C52 /* ReportBugController.m in Sources */ = {isa = PBXBuildFile; fileRef = D3DF762E1C74495E00CF6C52 /* ReportBugController.m */; };
		D3DF76311C74765500CF6C52 /* crashed.plist in Resources */ = {isa = PBXBuildFile; fileRef = D3DF76301C74765500CF6C52 /* crashed.plist */; };
		D3DF76341C757B5600CF6C52 /* NSObject+Associating.m in Sources */ = {isa = PBXBuildFile; fileRef = D3DF76331C757B5600CF6C52 /* NSObject+Associating.m */; };
		D3DF763A1C75992500CF6C52 /* no_image.png in Resources */ = {isa = PBXBuildFile; fileRef = D3DF76391C75992500CF6C52 /* no_image.png */; };
		D3DF763D1C75B8D000CF6C52 /* UIImageLoader.m in Sources */ = {isa = PBXBuildFile; fileRef = D3DF763C1C75B8D000CF6C52 /* UIImageLoader.m */; };
		D3EA87A41C50BF6200D593A1 /* main.m in Sources */ = {isa = PBXBuildFile; fileRef = D3EA87A31C50BF6200D593A1 /* main.m */; };
		D3EA87A71C50BF6200D593A1 /* AppDelegate.m in Sources */ = {isa = PBXBuildFile; fileRef = D3EA87A61C50BF6200D593A1 /* AppDelegate.m */; };
		D3EA87AD1C50BF6200D593A1 /* Main.storyboard in Resources */ = {isa = PBXBuildFile; fileRef = D3EA87AB1C50BF6200D593A1 /* Main.storyboard */; };
		D3EA87AF1C50BF6200D593A1 /* Assets.xcassets in Resources */ = {isa = PBXBuildFile; fileRef = D3EA87AE1C50BF6200D593A1 /* Assets.xcassets */; };
		D3EA87B21C50BF6200D593A1 /* LaunchScreen.storyboard in Resources */ = {isa = PBXBuildFile; fileRef = D3EA87B01C50BF6200D593A1 /* LaunchScreen.storyboard */; };
		D3EA87BD1C50BF6200D593A1 /* HDVietFreeTests.m in Sources */ = {isa = PBXBuildFile; fileRef = D3EA87BC1C50BF6200D593A1 /* HDVietFreeTests.m */; };
		D3EA87C81C50BF6200D593A1 /* HDVietFreeUITests.m in Sources */ = {isa = PBXBuildFile; fileRef = D3EA87C71C50BF6200D593A1 /* HDVietFreeUITests.m */; };
		D3EA87D61C50C1B300D593A1 /* loading_bg.png in Resources */ = {isa = PBXBuildFile; fileRef = D3EA87D51C50C1B300D593A1 /* loading_bg.png */; };
		D3EA87D81C50C22B00D593A1 /* button_active.png in Resources */ = {isa = PBXBuildFile; fileRef = D3EA87D71C50C22B00D593A1 /* button_active.png */; };
		D3EA87DA1C50C3A400D593A1 /* ic_launcher.png in Resources */ = {isa = PBXBuildFile; fileRef = D3EA87D91C50C3A400D593A1 /* ic_launcher.png */; };
		D3EA87DD1C50C6FC00D593A1 /* LoginController.m in Sources */ = {isa = PBXBuildFile; fileRef = D3EA87DC1C50C6FC00D593A1 /* LoginController.m */; };
		D3EA87E61C50D9C400D593A1 /* Utilities.m in Sources */ = {isa = PBXBuildFile; fileRef = D3EA87E51C50D9C400D593A1 /* Utilities.m */; };
		D3EA87EE1C50DD2F00D593A1 /* UIKit.framework in Frameworks */ = {isa = PBXBuildFile; fileRef = D3EA87ED1C50DD2F00D593A1 /* UIKit.framework */; };
/* End PBXBuildFile section */

/* Begin PBXContainerItemProxy section */
		D3EA87B91C50BF6200D593A1 /* PBXContainerItemProxy */ = {
			isa = PBXContainerItemProxy;
			containerPortal = D3EA87971C50BF6200D593A1 /* Project object */;
			proxyType = 1;
			remoteGlobalIDString = D3EA879E1C50BF6200D593A1;
			remoteInfo = HDVietFree;
		};
		D3EA87C41C50BF6200D593A1 /* PBXContainerItemProxy */ = {
			isa = PBXContainerItemProxy;
			containerPortal = D3EA87971C50BF6200D593A1 /* Project object */;
			proxyType = 1;
			remoteGlobalIDString = D3EA879E1C50BF6200D593A1;
			remoteInfo = HDVietFree;
		};
/* End PBXContainerItemProxy section */

/* Begin PBXFileReference section */
		D32916821C55B36400CE46B6 /* CommonString.h */ = {isa = PBXFileReference; fileEncoding = 4; lastKnownFileType = sourcecode.c.h; name = CommonString.h; path = Constant/CommonString.h; sourceTree = "<group>"; };
		D32916831C55B36400CE46B6 /* CommonString.m */ = {isa = PBXFileReference; fileEncoding = 4; lastKnownFileType = sourcecode.c.objc; name = CommonString.m; path = Constant/CommonString.m; sourceTree = "<group>"; };
		D32916851C55B37800CE46B6 /* StoryboardId.h */ = {isa = PBXFileReference; fileEncoding = 4; lastKnownFileType = sourcecode.c.h; name = StoryboardId.h; path = Constant/StoryboardId.h; sourceTree = "<group>"; };
		D32916861C55B37800CE46B6 /* StoryboardId.m */ = {isa = PBXFileReference; fileEncoding = 4; lastKnownFileType = sourcecode.c.objc; name = StoryboardId.m; path = Constant/StoryboardId.m; sourceTree = "<group>"; };
		D32916881C55B38D00CE46B6 /* CommonSize.h */ = {isa = PBXFileReference; fileEncoding = 4; lastKnownFileType = sourcecode.c.h; name = CommonSize.h; path = Constant/CommonSize.h; sourceTree = "<group>"; };
		D32916891C55B38D00CE46B6 /* CommonSize.m */ = {isa = PBXFileReference; fileEncoding = 4; lastKnownFileType = sourcecode.c.objc; name = CommonSize.m; path = Constant/CommonSize.m; sourceTree = "<group>"; };
		D329168B1C55B3B300CE46B6 /* Enumeration.h */ = {isa = PBXFileReference; fileEncoding = 4; lastKnownFileType = sourcecode.c.h; name = Enumeration.h; path = Constant/Enumeration.h; sourceTree = "<group>"; };
		D329168C1C55B3D800CE46B6 /* CommonColor.h */ = {isa = PBXFileReference; fileEncoding = 4; lastKnownFileType = sourcecode.c.h; name = CommonColor.h; path = Constant/CommonColor.h; sourceTree = "<group>"; };
		D329168D1C55B3D800CE46B6 /* CommonColor.m */ = {isa = PBXFileReference; fileEncoding = 4; lastKnownFileType = sourcecode.c.objc; name = CommonColor.m; path = Constant/CommonColor.m; sourceTree = "<group>"; };
		D329168F1C55B3F500CE46B6 /* Macro.h */ = {isa = PBXFileReference; fileEncoding = 4; lastKnownFileType = sourcecode.c.h; path = Macro.h; sourceTree = "<group>"; };
		D32916901C55B40F00CE46B6 /* Config.h */ = {isa = PBXFileReference; fileEncoding = 4; lastKnownFileType = sourcecode.c.h; name = Config.h; path = Constant/Config.h; sourceTree = "<group>"; };
		D32916911C55B4C300CE46B6 /* BaseUrl.h */ = {isa = PBXFileReference; fileEncoding = 4; lastKnownFileType = sourcecode.c.h; name = BaseUrl.h; path = Constant/BaseUrl.h; sourceTree = "<group>"; };
		D32916921C55B51900CE46B6 /* CommonResource.h */ = {isa = PBXFileReference; fileEncoding = 4; lastKnownFileType = sourcecode.c.h; path = CommonResource.h; sourceTree = "<group>"; };
		D32916931C55B51900CE46B6 /* CommonResource.m */ = {isa = PBXFileReference; fileEncoding = 4; lastKnownFileType = sourcecode.c.objc; path = CommonResource.m; sourceTree = "<group>"; };
		D32916971C55B6CA00CE46B6 /* UIColor+HexColor.h */ = {isa = PBXFileReference; fileEncoding = 4; lastKnownFileType = sourcecode.c.h; name = "UIColor+HexColor.h"; path = "Category/UIColor+HexColor.h"; sourceTree = "<group>"; };
		D32916981C55B6CA00CE46B6 /* UIColor+HexColor.m */ = {isa = PBXFileReference; fileEncoding = 4; lastKnownFileType = sourcecode.c.objc; name = "UIColor+HexColor.m"; path = "Category/UIColor+HexColor.m"; sourceTree = "<group>"; };
		D329169C1C55B75D00CE46B6 /* MBProgressHUD.h */ = {isa = PBXFileReference; fileEncoding = 4; lastKnownFileType = sourcecode.c.h; path = MBProgressHUD.h; sourceTree = "<group>"; };
		D329169D1C55B75D00CE46B6 /* MBProgressHUD.m */ = {isa = PBXFileReference; fileEncoding = 4; lastKnownFileType = sourcecode.c.objc; path = MBProgressHUD.m; sourceTree = "<group>"; };
		D329169E1C55B75D00CE46B6 /* SNLoading.h */ = {isa = PBXFileReference; fileEncoding = 4; lastKnownFileType = sourcecode.c.h; path = SNLoading.h; sourceTree = "<group>"; };
		D329169F1C55B75D00CE46B6 /* SNLoading.m */ = {isa = PBXFileReference; fileEncoding = 4; lastKnownFileType = sourcecode.c.objc; path = SNLoading.m; sourceTree = "<group>"; };
		D32916A21C55B76700CE46B6 /* iToast.h */ = {isa = PBXFileReference; fileEncoding = 4; lastKnownFileType = sourcecode.c.h; path = iToast.h; sourceTree = "<group>"; };
		D32916A31C55B76700CE46B6 /* iToast.m */ = {isa = PBXFileReference; fileEncoding = 4; lastKnownFileType = sourcecode.c.objc; path = iToast.m; sourceTree = "<group>"; };
		D32916A81C55B7DF00CE46B6 /* AFHTTPRequestOperation.h */ = {isa = PBXFileReference; fileEncoding = 4; lastKnownFileType = sourcecode.c.h; path = AFHTTPRequestOperation.h; sourceTree = "<group>"; };
		D32916A91C55B7DF00CE46B6 /* AFHTTPRequestOperation.m */ = {isa = PBXFileReference; fileEncoding = 4; lastKnownFileType = sourcecode.c.objc; path = AFHTTPRequestOperation.m; sourceTree = "<group>"; };
		D32916AA1C55B7DF00CE46B6 /* AFHTTPRequestOperationManager.h */ = {isa = PBXFileReference; fileEncoding = 4; lastKnownFileType = sourcecode.c.h; path = AFHTTPRequestOperationManager.h; sourceTree = "<group>"; };
		D32916AB1C55B7DF00CE46B6 /* AFHTTPRequestOperationManager.m */ = {isa = PBXFileReference; fileEncoding = 4; lastKnownFileType = sourcecode.c.objc; path = AFHTTPRequestOperationManager.m; sourceTree = "<group>"; };
		D32916AC1C55B7DF00CE46B6 /* AFHTTPSessionManager.h */ = {isa = PBXFileReference; fileEncoding = 4; lastKnownFileType = sourcecode.c.h; path = AFHTTPSessionManager.h; sourceTree = "<group>"; };
		D32916AD1C55B7DF00CE46B6 /* AFHTTPSessionManager.m */ = {isa = PBXFileReference; fileEncoding = 4; lastKnownFileType = sourcecode.c.objc; path = AFHTTPSessionManager.m; sourceTree = "<group>"; };
		D32916AE1C55B7DF00CE46B6 /* AFNetworking.h */ = {isa = PBXFileReference; fileEncoding = 4; lastKnownFileType = sourcecode.c.h; path = AFNetworking.h; sourceTree = "<group>"; };
		D32916AF1C55B7DF00CE46B6 /* AFNetworkReachabilityManager.h */ = {isa = PBXFileReference; fileEncoding = 4; lastKnownFileType = sourcecode.c.h; path = AFNetworkReachabilityManager.h; sourceTree = "<group>"; };
		D32916B01C55B7DF00CE46B6 /* AFNetworkReachabilityManager.m */ = {isa = PBXFileReference; fileEncoding = 4; lastKnownFileType = sourcecode.c.objc; path = AFNetworkReachabilityManager.m; sourceTree = "<group>"; };
		D32916B11C55B7DF00CE46B6 /* AFSecurityPolicy.h */ = {isa = PBXFileReference; fileEncoding = 4; lastKnownFileType = sourcecode.c.h; path = AFSecurityPolicy.h; sourceTree = "<group>"; };
		D32916B21C55B7DF00CE46B6 /* AFSecurityPolicy.m */ = {isa = PBXFileReference; fileEncoding = 4; lastKnownFileType = sourcecode.c.objc; path = AFSecurityPolicy.m; sourceTree = "<group>"; };
		D32916B31C55B7DF00CE46B6 /* AFURLConnectionOperation.h */ = {isa = PBXFileReference; fileEncoding = 4; lastKnownFileType = sourcecode.c.h; path = AFURLConnectionOperation.h; sourceTree = "<group>"; };
		D32916B41C55B7DF00CE46B6 /* AFURLConnectionOperation.m */ = {isa = PBXFileReference; fileEncoding = 4; lastKnownFileType = sourcecode.c.objc; path = AFURLConnectionOperation.m; sourceTree = "<group>"; };
		D32916B51C55B7DF00CE46B6 /* AFURLRequestSerialization.h */ = {isa = PBXFileReference; fileEncoding = 4; lastKnownFileType = sourcecode.c.h; path = AFURLRequestSerialization.h; sourceTree = "<group>"; };
		D32916B61C55B7DF00CE46B6 /* AFURLRequestSerialization.m */ = {isa = PBXFileReference; fileEncoding = 4; lastKnownFileType = sourcecode.c.objc; path = AFURLRequestSerialization.m; sourceTree = "<group>"; };
		D32916B71C55B7DF00CE46B6 /* AFURLResponseSerialization.h */ = {isa = PBXFileReference; fileEncoding = 4; lastKnownFileType = sourcecode.c.h; path = AFURLResponseSerialization.h; sourceTree = "<group>"; };
		D32916B81C55B7DF00CE46B6 /* AFURLResponseSerialization.m */ = {isa = PBXFileReference; fileEncoding = 4; lastKnownFileType = sourcecode.c.objc; path = AFURLResponseSerialization.m; sourceTree = "<group>"; };
		D32916B91C55B7DF00CE46B6 /* AFURLSessionManager.h */ = {isa = PBXFileReference; fileEncoding = 4; lastKnownFileType = sourcecode.c.h; path = AFURLSessionManager.h; sourceTree = "<group>"; };
		D32916BA1C55B7DF00CE46B6 /* AFURLSessionManager.m */ = {isa = PBXFileReference; fileEncoding = 4; lastKnownFileType = sourcecode.c.objc; path = AFURLSessionManager.m; sourceTree = "<group>"; };
		D32916BB1C55B7DF00CE46B6 /* LICENSE */ = {isa = PBXFileReference; fileEncoding = 4; lastKnownFileType = text; path = LICENSE; sourceTree = "<group>"; };
		D32916BC1C55B7DF00CE46B6 /* README.md */ = {isa = PBXFileReference; fileEncoding = 4; lastKnownFileType = net.daringfireball.markdown; path = README.md; sourceTree = "<group>"; };
		D32916BE1C55B7DF00CE46B6 /* AFNetworkActivityIndicatorManager.h */ = {isa = PBXFileReference; fileEncoding = 4; lastKnownFileType = sourcecode.c.h; path = AFNetworkActivityIndicatorManager.h; sourceTree = "<group>"; };
		D32916BF1C55B7DF00CE46B6 /* AFNetworkActivityIndicatorManager.m */ = {isa = PBXFileReference; fileEncoding = 4; lastKnownFileType = sourcecode.c.objc; path = AFNetworkActivityIndicatorManager.m; sourceTree = "<group>"; };
		D32916C01C55B7DF00CE46B6 /* UIActivityIndicatorView+AFNetworking.h */ = {isa = PBXFileReference; fileEncoding = 4; lastKnownFileType = sourcecode.c.h; path = "UIActivityIndicatorView+AFNetworking.h"; sourceTree = "<group>"; };
		D32916C11C55B7DF00CE46B6 /* UIActivityIndicatorView+AFNetworking.m */ = {isa = PBXFileReference; fileEncoding = 4; lastKnownFileType = sourcecode.c.objc; path = "UIActivityIndicatorView+AFNetworking.m"; sourceTree = "<group>"; };
		D32916C21C55B7DF00CE46B6 /* UIAlertView+AFNetworking.h */ = {isa = PBXFileReference; fileEncoding = 4; lastKnownFileType = sourcecode.c.h; path = "UIAlertView+AFNetworking.h"; sourceTree = "<group>"; };
		D32916C31C55B7DF00CE46B6 /* UIAlertView+AFNetworking.m */ = {isa = PBXFileReference; fileEncoding = 4; lastKnownFileType = sourcecode.c.objc; path = "UIAlertView+AFNetworking.m"; sourceTree = "<group>"; };
		D32916C41C55B7DF00CE46B6 /* UIButton+AFNetworking.h */ = {isa = PBXFileReference; fileEncoding = 4; lastKnownFileType = sourcecode.c.h; path = "UIButton+AFNetworking.h"; sourceTree = "<group>"; };
		D32916C51C55B7DF00CE46B6 /* UIButton+AFNetworking.m */ = {isa = PBXFileReference; fileEncoding = 4; lastKnownFileType = sourcecode.c.objc; path = "UIButton+AFNetworking.m"; sourceTree = "<group>"; };
		D32916C61C55B7DF00CE46B6 /* UIImageView+AFNetworking.h */ = {isa = PBXFileReference; fileEncoding = 4; lastKnownFileType = sourcecode.c.h; path = "UIImageView+AFNetworking.h"; sourceTree = "<group>"; };
		D32916C71C55B7DF00CE46B6 /* UIImageView+AFNetworking.m */ = {isa = PBXFileReference; fileEncoding = 4; lastKnownFileType = sourcecode.c.objc; path = "UIImageView+AFNetworking.m"; sourceTree = "<group>"; };
		D32916C81C55B7DF00CE46B6 /* UIKit+AFNetworking.h */ = {isa = PBXFileReference; fileEncoding = 4; lastKnownFileType = sourcecode.c.h; path = "UIKit+AFNetworking.h"; sourceTree = "<group>"; };
		D32916C91C55B7DF00CE46B6 /* UIProgressView+AFNetworking.h */ = {isa = PBXFileReference; fileEncoding = 4; lastKnownFileType = sourcecode.c.h; path = "UIProgressView+AFNetworking.h"; sourceTree = "<group>"; };
		D32916CA1C55B7DF00CE46B6 /* UIProgressView+AFNetworking.m */ = {isa = PBXFileReference; fileEncoding = 4; lastKnownFileType = sourcecode.c.objc; path = "UIProgressView+AFNetworking.m"; sourceTree = "<group>"; };
		D32916CB1C55B7DF00CE46B6 /* UIRefreshControl+AFNetworking.h */ = {isa = PBXFileReference; fileEncoding = 4; lastKnownFileType = sourcecode.c.h; path = "UIRefreshControl+AFNetworking.h"; sourceTree = "<group>"; };
		D32916CC1C55B7DF00CE46B6 /* UIRefreshControl+AFNetworking.m */ = {isa = PBXFileReference; fileEncoding = 4; lastKnownFileType = sourcecode.c.objc; path = "UIRefreshControl+AFNetworking.m"; sourceTree = "<group>"; };
		D32916CD1C55B7DF00CE46B6 /* UIWebView+AFNetworking.h */ = {isa = PBXFileReference; fileEncoding = 4; lastKnownFileType = sourcecode.c.h; path = "UIWebView+AFNetworking.h"; sourceTree = "<group>"; };
		D32916CE1C55B7DF00CE46B6 /* UIWebView+AFNetworking.m */ = {isa = PBXFileReference; fileEncoding = 4; lastKnownFileType = sourcecode.c.objc; path = "UIWebView+AFNetworking.m"; sourceTree = "<group>"; };
		D32916E21C55B84100CE46B6 /* Movie.h */ = {isa = PBXFileReference; fileEncoding = 4; lastKnownFileType = sourcecode.c.h; name = Movie.h; path = Modal/Movie.h; sourceTree = "<group>"; };
		D32916E31C55B84100CE46B6 /* Movie.m */ = {isa = PBXFileReference; fileEncoding = 4; lastKnownFileType = sourcecode.c.objc; name = Movie.m; path = Modal/Movie.m; sourceTree = "<group>"; };
		D32916E51C55B98E00CE46B6 /* DataManager.h */ = {isa = PBXFileReference; fileEncoding = 4; lastKnownFileType = sourcecode.c.h; name = DataManager.h; path = Modal/DataManager.h; sourceTree = "<group>"; };
		D32916E61C55B98E00CE46B6 /* DataManager.m */ = {isa = PBXFileReference; fileEncoding = 4; lastKnownFileType = sourcecode.c.objc; name = DataManager.m; path = Modal/DataManager.m; sourceTree = "<group>"; };
		D32916E81C55BA0700CE46B6 /* User.h */ = {isa = PBXFileReference; fileEncoding = 4; lastKnownFileType = sourcecode.c.h; name = User.h; path = Modal/User.h; sourceTree = "<group>"; };
		D32916E91C55BA0700CE46B6 /* User.m */ = {isa = PBXFileReference; fileEncoding = 4; lastKnownFileType = sourcecode.c.objc; name = User.m; path = Modal/User.m; sourceTree = "<group>"; };
		D32916EB1C55BA5600CE46B6 /* KeyServer.h */ = {isa = PBXFileReference; fileEncoding = 4; lastKnownFileType = sourcecode.c.h; name = KeyServer.h; path = Constant/KeyServer.h; sourceTree = "<group>"; };
		D35C601D1C718A670026A710 /* UpdateMovieController.h */ = {isa = PBXFileReference; fileEncoding = 4; lastKnownFileType = sourcecode.c.h; name = UpdateMovieController.h; path = UpdateMovieController/UpdateMovieController.h; sourceTree = "<group>"; };
		D35C601E1C718A670026A710 /* UpdateMovieController.m */ = {isa = PBXFileReference; fileEncoding = 4; lastKnownFileType = sourcecode.c.objc; name = UpdateMovieController.m; path = UpdateMovieController/UpdateMovieController.m; sourceTree = "<group>"; };
		D36579101C55C2C200F51DA3 /* Log.h */ = {isa = PBXFileReference; fileEncoding = 4; lastKnownFileType = sourcecode.c.h; name = Log.h; path = Debug/Log.h; sourceTree = "<group>"; };
		D36579191C55D1B300F51DA3 /* SlideMenuController.h */ = {isa = PBXFileReference; fileEncoding = 4; lastKnownFileType = sourcecode.c.h; name = SlideMenuController.h; path = SlideMenuController/SlideMenuController.h; sourceTree = "<group>"; };
		D365791A1C55D1B300F51DA3 /* SlideMenuController.m */ = {isa = PBXFileReference; fileEncoding = 4; lastKnownFileType = sourcecode.c.objc; name = SlideMenuController.m; path = SlideMenuController/SlideMenuController.m; sourceTree = "<group>"; };
		D365791C1C55DAB000F51DA3 /* MovieSearch.h */ = {isa = PBXFileReference; fileEncoding = 4; lastKnownFileType = sourcecode.c.h; name = MovieSearch.h; path = Modal/MovieSearch.h; sourceTree = "<group>"; };
		D365791D1C55DAB000F51DA3 /* MovieSearch.m */ = {isa = PBXFileReference; fileEncoding = 4; lastKnownFileType = sourcecode.c.objc; name = MovieSearch.m; path = Modal/MovieSearch.m; sourceTree = "<group>"; };
		D36579221C55F38E00F51DA3 /* ManageAPI.h */ = {isa = PBXFileReference; fileEncoding = 4; lastKnownFileType = sourcecode.c.h; name = ManageAPI.h; path = Modal/ManageAPI.h; sourceTree = "<group>"; };
		D36579231C55F38E00F51DA3 /* ManageAPI.m */ = {isa = PBXFileReference; fileEncoding = 4; lastKnownFileType = sourcecode.c.objc; name = ManageAPI.m; path = Modal/ManageAPI.m; sourceTree = "<group>"; };
		D36579251C55F70600F51DA3 /* CommonConstant.h */ = {isa = PBXFileReference; fileEncoding = 4; lastKnownFileType = sourcecode.c.h; name = CommonConstant.h; path = Constant/CommonConstant.h; sourceTree = "<group>"; };
		D36579261C55F70600F51DA3 /* CommonConstant.m */ = {isa = PBXFileReference; fileEncoding = 4; lastKnownFileType = sourcecode.c.objc; name = CommonConstant.m; path = Constant/CommonConstant.m; sourceTree = "<group>"; };
		D36579281C5602A600F51DA3 /* MainController.h */ = {isa = PBXFileReference; fileEncoding = 4; lastKnownFileType = sourcecode.c.h; name = MainController.h; path = MainController/MainController.h; sourceTree = "<group>"; };
		D36579291C5602A600F51DA3 /* MainController.m */ = {isa = PBXFileReference; fileEncoding = 4; lastKnownFileType = sourcecode.c.objc; name = MainController.m; path = MainController/MainController.m; sourceTree = "<group>"; };
		D365792E1C56049100F51DA3 /* JASidePanelController.h */ = {isa = PBXFileReference; fileEncoding = 4; lastKnownFileType = sourcecode.c.h; path = JASidePanelController.h; sourceTree = "<group>"; };
		D365792F1C56049100F51DA3 /* JASidePanelController.m */ = {isa = PBXFileReference; fileEncoding = 4; lastKnownFileType = sourcecode.c.objc; path = JASidePanelController.m; sourceTree = "<group>"; };
		D36579301C56049100F51DA3 /* UIViewController+JASidePanel.h */ = {isa = PBXFileReference; fileEncoding = 4; lastKnownFileType = sourcecode.c.h; path = "UIViewController+JASidePanel.h"; sourceTree = "<group>"; };
		D36579311C56049100F51DA3 /* UIViewController+JASidePanel.m */ = {isa = PBXFileReference; fileEncoding = 4; lastKnownFileType = sourcecode.c.objc; path = "UIViewController+JASidePanel.m"; sourceTree = "<group>"; };
		D36579371C5616CF00F51DA3 /* DetailMovieCell.h */ = {isa = PBXFileReference; fileEncoding = 4; lastKnownFileType = sourcecode.c.h; name = DetailMovieCell.h; path = MainController/DetailMovieCell.h; sourceTree = "<group>"; };
		D36579381C5616D000F51DA3 /* DetailMovieCell.m */ = {isa = PBXFileReference; fileEncoding = 4; lastKnownFileType = sourcecode.c.objc; name = DetailMovieCell.m; path = MainController/DetailMovieCell.m; sourceTree = "<group>"; };
		D365793D1C570C2E00F51DA3 /* MovieCell.h */ = {isa = PBXFileReference; fileEncoding = 4; lastKnownFileType = sourcecode.c.h; name = MovieCell.h; path = MainController/MovieCell.h; sourceTree = "<group>"; };
		D365793E1C570C2E00F51DA3 /* MovieCell.m */ = {isa = PBXFileReference; fileEncoding = 4; lastKnownFileType = sourcecode.c.objc; name = MovieCell.m; path = MainController/MovieCell.m; sourceTree = "<group>"; };
		D36579401C570FA700F51DA3 /* CollectionMovie.h */ = {isa = PBXFileReference; fileEncoding = 4; lastKnownFileType = sourcecode.c.h; name = CollectionMovie.h; path = MainController/CollectionMovie.h; sourceTree = "<group>"; };
		D36579411C570FA700F51DA3 /* CollectionMovie.m */ = {isa = PBXFileReference; fileEncoding = 4; lastKnownFileType = sourcecode.c.objc; name = CollectionMovie.m; path = MainController/CollectionMovie.m; sourceTree = "<group>"; };
		D36579431C58565200F51DA3 /* DBAccess.framework */ = {isa = PBXFileReference; lastKnownFileType = wrapper.framework; path = DBAccess.framework; sourceTree = "<group>"; };
		D36579461C58574A00F51DA3 /* DataAccess.h */ = {isa = PBXFileReference; fileEncoding = 4; lastKnownFileType = sourcecode.c.h; name = DataAccess.h; path = Modal/DataAccess.h; sourceTree = "<group>"; };
		D36579471C58574A00F51DA3 /* DataAccess.m */ = {isa = PBXFileReference; fileEncoding = 4; lastKnownFileType = sourcecode.c.objc; name = DataAccess.m; path = Modal/DataAccess.m; sourceTree = "<group>"; };
		D36579491C5889F700F51DA3 /* user_icon.png */ = {isa = PBXFileReference; lastKnownFileType = image.png; path = user_icon.png; sourceTree = "<group>"; };
		D365794B1C58A65E00F51DA3 /* SlideMenuCell.h */ = {isa = PBXFileReference; fileEncoding = 4; lastKnownFileType = sourcecode.c.h; name = SlideMenuCell.h; path = SlideMenuController/SlideMenuCell.h; sourceTree = "<group>"; };
		D365794C1C58A65E00F51DA3 /* SlideMenuCell.m */ = {isa = PBXFileReference; fileEncoding = 4; lastKnownFileType = sourcecode.c.objc; name = SlideMenuCell.m; path = SlideMenuController/SlideMenuCell.m; sourceTree = "<group>"; };
		D365794E1C58B07300F51DA3 /* PlayMovieCell.h */ = {isa = PBXFileReference; fileEncoding = 4; lastKnownFileType = sourcecode.c.h; name = PlayMovieCell.h; path = PlayController/PlayMovieCell.h; sourceTree = "<group>"; };
		D365794F1C58B07300F51DA3 /* PlayMovieCell.m */ = {isa = PBXFileReference; fileEncoding = 4; lastKnownFileType = sourcecode.c.objc; name = PlayMovieCell.m; path = PlayController/PlayMovieCell.m; sourceTree = "<group>"; };
		D36579531C58CE1E00F51DA3 /* play_icon.png */ = {isa = PBXFileReference; lastKnownFileType = image.png; path = play_icon.png; sourceTree = "<group>"; };
		D36579551C59F1B800F51DA3 /* TopMovieCell.h */ = {isa = PBXFileReference; fileEncoding = 4; lastKnownFileType = sourcecode.c.h; name = TopMovieCell.h; path = MainController/TopMovieCell.h; sourceTree = "<group>"; };
		D36579561C59F1B800F51DA3 /* TopMovieCell.m */ = {isa = PBXFileReference; fileEncoding = 4; lastKnownFileType = sourcecode.c.objc; name = TopMovieCell.m; path = MainController/TopMovieCell.m; sourceTree = "<group>"; };
		D365795B1C5EEFA000F51DA3 /* FilmController.h */ = {isa = PBXFileReference; fileEncoding = 4; lastKnownFileType = sourcecode.c.h; name = FilmController.h; path = FilmController/FilmController.h; sourceTree = "<group>"; };
		D365795C1C5EEFA000F51DA3 /* FilmController.m */ = {isa = PBXFileReference; fileEncoding = 4; lastKnownFileType = sourcecode.c.objc; name = FilmController.m; path = FilmController/FilmController.m; sourceTree = "<group>"; };
		D365795E1C5EFF7800F51DA3 /* play_youtube_icon.png */ = {isa = PBXFileReference; lastKnownFileType = image.png; path = play_youtube_icon.png; sourceTree = "<group>"; };
		D36579601C5F3F5F00F51DA3 /* search_icon.png */ = {isa = PBXFileReference; lastKnownFileType = image.png; path = search_icon.png; sourceTree = "<group>"; };
		D36579631C5F40A200F51DA3 /* SearchController.h */ = {isa = PBXFileReference; fileEncoding = 4; lastKnownFileType = sourcecode.c.h; name = SearchController.h; path = SearchController/SearchController.h; sourceTree = "<group>"; };
		D36579641C5F40A200F51DA3 /* SearchController.m */ = {isa = PBXFileReference; fileEncoding = 4; lastKnownFileType = sourcecode.c.objc; name = SearchController.m; path = SearchController/SearchController.m; sourceTree = "<group>"; };
		D36579661C5F48B000F51DA3 /* SearchCell.h */ = {isa = PBXFileReference; fileEncoding = 4; lastKnownFileType = sourcecode.c.h; name = SearchCell.h; path = SearchController/SearchCell.h; sourceTree = "<group>"; };
		D36579671C5F48B000F51DA3 /* SearchCell.m */ = {isa = PBXFileReference; fileEncoding = 4; lastKnownFileType = sourcecode.c.objc; name = SearchCell.m; path = SearchController/SearchCell.m; sourceTree = "<group>"; };
		D365796A1C60508200F51DA3 /* MPMoviePlayerController+Subtitles.h */ = {isa = PBXFileReference; fileEncoding = 4; lastKnownFileType = sourcecode.c.h; name = "MPMoviePlayerController+Subtitles.h"; path = "ThirdParties/MPMoviePlayerController+Subtitles/MPMoviePlayerController+Subtitles.h"; sourceTree = "<group>"; };
		D365796B1C60508200F51DA3 /* MPMoviePlayerController+Subtitles.m */ = {isa = PBXFileReference; fileEncoding = 4; lastKnownFileType = sourcecode.c.objc; name = "MPMoviePlayerController+Subtitles.m"; path = "ThirdParties/MPMoviePlayerController+Subtitles/MPMoviePlayerController+Subtitles.m"; sourceTree = "<group>"; };
		D365796E1C6088E800F51DA3 /* NavigationMovieCustomController.h */ = {isa = PBXFileReference; fileEncoding = 4; lastKnownFileType = sourcecode.c.h; name = NavigationMovieCustomController.h; path = NavigationController/NavigationMovieCustomController.h; sourceTree = "<group>"; };
		D365796F1C6088E800F51DA3 /* NavigationMovieCustomController.m */ = {isa = PBXFileReference; fileEncoding = 4; lastKnownFileType = sourcecode.c.objc; name = NavigationMovieCustomController.m; path = NavigationController/NavigationMovieCustomController.m; sourceTree = "<group>"; };
		D36579711C608B5500F51DA3 /* delete.png */ = {isa = PBXFileReference; lastKnownFileType = image.png; path = delete.png; sourceTree = "<group>"; };
		D36579741C61E39500F51DA3 /* EpisodeController.h */ = {isa = PBXFileReference; fileEncoding = 4; lastKnownFileType = sourcecode.c.h; name = EpisodeController.h; path = EpisodeController/EpisodeController.h; sourceTree = "<group>"; };
		D36579751C61E39500F51DA3 /* EpisodeController.m */ = {isa = PBXFileReference; fileEncoding = 4; lastKnownFileType = sourcecode.c.objc; name = EpisodeController.m; path = EpisodeController/EpisodeController.m; sourceTree = "<group>"; };
		D38CBE751C51D7AC00084126 /* PlayController.h */ = {isa = PBXFileReference; fileEncoding = 4; lastKnownFileType = sourcecode.c.h; name = PlayController.h; path = PlayController/PlayController.h; sourceTree = "<group>"; };
		D38CBE761C51D7AC00084126 /* PlayController.m */ = {isa = PBXFileReference; fileEncoding = 4; lastKnownFileType = sourcecode.c.objc; name = PlayController.m; path = PlayController/PlayController.m; sourceTree = "<group>"; };
		D38CBE781C51D83A00084126 /* MediaPlayer.framework */ = {isa = PBXFileReference; lastKnownFileType = wrapper.framework; name = MediaPlayer.framework; path = System/Library/Frameworks/MediaPlayer.framework; sourceTree = SDKROOT; };
		D38CBE7D1C51DFD400084126 /* NSString+MD5.h */ = {isa = PBXFileReference; fileEncoding = 4; lastKnownFileType = sourcecode.c.h; name = "NSString+MD5.h"; path = "Category/NSString+MD5.h"; sourceTree = "<group>"; };
		D38CBE7E1C51DFD400084126 /* NSString+MD5.m */ = {isa = PBXFileReference; fileEncoding = 4; lastKnownFileType = sourcecode.c.objc; name = "NSString+MD5.m"; path = "Category/NSString+MD5.m"; sourceTree = "<group>"; };
		D3DF75DD1C72C61100CF6C52 /* ListMenuController.h */ = {isa = PBXFileReference; fileEncoding = 4; lastKnownFileType = sourcecode.c.h; name = ListMenuController.h; path = ListMenu/ListMenuController.h; sourceTree = "<group>"; };
		D3DF75DE1C72C61100CF6C52 /* ListMenuController.m */ = {isa = PBXFileReference; fileEncoding = 4; lastKnownFileType = sourcecode.c.objc; name = ListMenuController.m; path = ListMenu/ListMenuController.m; sourceTree = "<group>"; };
		D3DF75E41C72F5D300CF6C52 /* home_icon.png */ = {isa = PBXFileReference; lastKnownFileType = image.png; path = home_icon.png; sourceTree = "<group>"; };
		D3DF75E51C72F5D300CF6C52 /* logout_icon.png */ = {isa = PBXFileReference; lastKnownFileType = image.png; path = logout_icon.png; sourceTree = "<group>"; };
		D3DF75E61C72F5D300CF6C52 /* phimbo_icon.png */ = {isa = PBXFileReference; lastKnownFileType = image.png; path = phimbo_icon.png; sourceTree = "<group>"; };
		D3DF75E71C72F5D300CF6C52 /* phimle_icon.png */ = {isa = PBXFileReference; lastKnownFileType = image.png; path = phimle_icon.png; sourceTree = "<group>"; };
		D3DF75E81C72F5D300CF6C52 /* update_icon.png */ = {isa = PBXFileReference; lastKnownFileType = image.png; path = update_icon.png; sourceTree = "<group>"; };
		D3DF75EE1C72F9FE00CF6C52 /* home__select_icon.png */ = {isa = PBXFileReference; lastKnownFileType = image.png; path = home__select_icon.png; sourceTree = "<group>"; };
		D3DF75EF1C72F9FE00CF6C52 /* logout_select_icon.png */ = {isa = PBXFileReference; lastKnownFileType = image.png; path = logout_select_icon.png; sourceTree = "<group>"; };
		D3DF75F01C72F9FE00CF6C52 /* phimbo_select_icon.png */ = {isa = PBXFileReference; lastKnownFileType = image.png; path = phimbo_select_icon.png; sourceTree = "<group>"; };
		D3DF75F11C72F9FE00CF6C52 /* phimle_select_icon.png */ = {isa = PBXFileReference; lastKnownFileType = image.png; path = phimle_select_icon.png; sourceTree = "<group>"; };
		D3DF75F21C72F9FE00CF6C52 /* update_select_icon.png */ = {isa = PBXFileReference; lastKnownFileType = image.png; path = update_select_icon.png; sourceTree = "<group>"; };
		D3DF762A1C74465800CF6C52 /* report_icon.png */ = {isa = PBXFileReference; lastKnownFileType = image.png; path = report_icon.png; sourceTree = "<group>"; };
		D3DF762D1C74495E00CF6C52 /* ReportBugController.h */ = {isa = PBXFileReference; fileEncoding = 4; lastKnownFileType = sourcecode.c.h; name = ReportBugController.h; path = ReportBugController/ReportBugController.h; sourceTree = "<group>"; };
		D3DF762E1C74495E00CF6C52 /* ReportBugController.m */ = {isa = PBXFileReference; fileEncoding = 4; lastKnownFileType = sourcecode.c.objc; name = ReportBugController.m; path = ReportBugController/ReportBugController.m; sourceTree = "<group>"; };
		D3DF76301C74765500CF6C52 /* crashed.plist */ = {isa = PBXFileReference; fileEncoding = 4; lastKnownFileType = text.plist.xml; path = crashed.plist; sourceTree = "<group>"; };
		D3DF76321C757B5600CF6C52 /* NSObject+Associating.h */ = {isa = PBXFileReference; fileEncoding = 4; lastKnownFileType = sourcecode.c.h; name = "NSObject+Associating.h"; path = "Category/NSObject+Associating.h"; sourceTree = "<group>"; };
		D3DF76331C757B5600CF6C52 /* NSObject+Associating.m */ = {isa = PBXFileReference; fileEncoding = 4; lastKnownFileType = sourcecode.c.objc; name = "NSObject+Associating.m"; path = "Category/NSObject+Associating.m"; sourceTree = "<group>"; };
		D3DF76391C75992500CF6C52 /* no_image.png */ = {isa = PBXFileReference; lastKnownFileType = image.png; path = no_image.png; sourceTree = "<group>"; };
		D3DF763B1C75B8D000CF6C52 /* UIImageLoader.h */ = {isa = PBXFileReference; fileEncoding = 4; lastKnownFileType = sourcecode.c.h; path = UIImageLoader.h; sourceTree = "<group>"; };
		D3DF763C1C75B8D000CF6C52 /* UIImageLoader.m */ = {isa = PBXFileReference; fileEncoding = 4; lastKnownFileType = sourcecode.c.objc; path = UIImageLoader.m; sourceTree = "<group>"; };
		D3EA879F1C50BF6200D593A1 /* HDVietFree.app */ = {isa = PBXFileReference; explicitFileType = wrapper.application; includeInIndex = 0; path = HDVietFree.app; sourceTree = BUILT_PRODUCTS_DIR; };
		D3EA87A31C50BF6200D593A1 /* main.m */ = {isa = PBXFileReference; lastKnownFileType = sourcecode.c.objc; path = main.m; sourceTree = "<group>"; };
		D3EA87A51C50BF6200D593A1 /* AppDelegate.h */ = {isa = PBXFileReference; lastKnownFileType = sourcecode.c.h; path = AppDelegate.h; sourceTree = "<group>"; };
		D3EA87A61C50BF6200D593A1 /* AppDelegate.m */ = {isa = PBXFileReference; lastKnownFileType = sourcecode.c.objc; path = AppDelegate.m; sourceTree = "<group>"; };
		D3EA87AC1C50BF6200D593A1 /* Base */ = {isa = PBXFileReference; lastKnownFileType = file.storyboard; name = Base; path = Base.lproj/Main.storyboard; sourceTree = "<group>"; };
		D3EA87AE1C50BF6200D593A1 /* Assets.xcassets */ = {isa = PBXFileReference; lastKnownFileType = folder.assetcatalog; path = Assets.xcassets; sourceTree = "<group>"; };
		D3EA87B11C50BF6200D593A1 /* Base */ = {isa = PBXFileReference; lastKnownFileType = file.storyboard; name = Base; path = Base.lproj/LaunchScreen.storyboard; sourceTree = "<group>"; };
		D3EA87B31C50BF6200D593A1 /* Info.plist */ = {isa = PBXFileReference; lastKnownFileType = text.plist.xml; path = Info.plist; sourceTree = "<group>"; };
		D3EA87B81C50BF6200D593A1 /* HDVietFreeTests.xctest */ = {isa = PBXFileReference; explicitFileType = wrapper.cfbundle; includeInIndex = 0; path = HDVietFreeTests.xctest; sourceTree = BUILT_PRODUCTS_DIR; };
		D3EA87BC1C50BF6200D593A1 /* HDVietFreeTests.m */ = {isa = PBXFileReference; lastKnownFileType = sourcecode.c.objc; path = HDVietFreeTests.m; sourceTree = "<group>"; };
		D3EA87BE1C50BF6200D593A1 /* Info.plist */ = {isa = PBXFileReference; lastKnownFileType = text.plist.xml; path = Info.plist; sourceTree = "<group>"; };
		D3EA87C31C50BF6200D593A1 /* HDVietFreeUITests.xctest */ = {isa = PBXFileReference; explicitFileType = wrapper.cfbundle; includeInIndex = 0; path = HDVietFreeUITests.xctest; sourceTree = BUILT_PRODUCTS_DIR; };
		D3EA87C71C50BF6200D593A1 /* HDVietFreeUITests.m */ = {isa = PBXFileReference; lastKnownFileType = sourcecode.c.objc; path = HDVietFreeUITests.m; sourceTree = "<group>"; };
		D3EA87C91C50BF6200D593A1 /* Info.plist */ = {isa = PBXFileReference; lastKnownFileType = text.plist.xml; path = Info.plist; sourceTree = "<group>"; };
		D3EA87D51C50C1B300D593A1 /* loading_bg.png */ = {isa = PBXFileReference; lastKnownFileType = image.png; path = loading_bg.png; sourceTree = "<group>"; };
		D3EA87D71C50C22B00D593A1 /* button_active.png */ = {isa = PBXFileReference; lastKnownFileType = image.png; path = button_active.png; sourceTree = "<group>"; };
		D3EA87D91C50C3A400D593A1 /* ic_launcher.png */ = {isa = PBXFileReference; lastKnownFileType = image.png; path = ic_launcher.png; sourceTree = "<group>"; };
		D3EA87DB1C50C6FC00D593A1 /* LoginController.h */ = {isa = PBXFileReference; fileEncoding = 4; lastKnownFileType = sourcecode.c.h; name = LoginController.h; path = LoginController/LoginController.h; sourceTree = "<group>"; };
		D3EA87DC1C50C6FC00D593A1 /* LoginController.m */ = {isa = PBXFileReference; fileEncoding = 4; lastKnownFileType = sourcecode.c.objc; name = LoginController.m; path = LoginController/LoginController.m; sourceTree = "<group>"; };
		D3EA87E41C50D9C400D593A1 /* Utilities.h */ = {isa = PBXFileReference; fileEncoding = 4; lastKnownFileType = sourcecode.c.h; name = Utilities.h; path = Utilities/Utilities.h; sourceTree = "<group>"; };
		D3EA87E51C50D9C400D593A1 /* Utilities.m */ = {isa = PBXFileReference; fileEncoding = 4; lastKnownFileType = sourcecode.c.objc; name = Utilities.m; path = Utilities/Utilities.m; sourceTree = "<group>"; };
		D3EA87EA1C50DA4300D593A1 /* UIDelegate.h */ = {isa = PBXFileReference; fileEncoding = 4; lastKnownFileType = sourcecode.c.h; name = UIDelegate.h; path = UIDelegate/UIDelegate.h; sourceTree = "<group>"; };
		D3EA87EB1C50DA9000D593A1 /* HDVietPrefix.pch */ = {isa = PBXFileReference; lastKnownFileType = sourcecode.c.h; name = HDVietPrefix.pch; path = Resource/Prefix/HDVietPrefix.pch; sourceTree = "<group>"; };
		D3EA87EC1C50DC3500D593A1 /* FixAutoLayoutDelegate.h */ = {isa = PBXFileReference; fileEncoding = 4; lastKnownFileType = sourcecode.c.h; name = FixAutoLayoutDelegate.h; path = UIDelegate/FixAutoLayoutDelegate.h; sourceTree = "<group>"; };
		D3EA87ED1C50DD2F00D593A1 /* UIKit.framework */ = {isa = PBXFileReference; lastKnownFileType = wrapper.framework; name = UIKit.framework; path = System/Library/Frameworks/UIKit.framework; sourceTree = SDKROOT; };
/* End PBXFileReference section */

/* Begin PBXFrameworksBuildPhase section */
		D3EA879C1C50BF6200D593A1 /* Frameworks */ = {
			isa = PBXFrameworksBuildPhase;
			buildActionMask = 2147483647;
			files = (
				D36579441C58565200F51DA3 /* DBAccess.framework in Frameworks */,
				D38CBE791C51D83A00084126 /* MediaPlayer.framework in Frameworks */,
				D3EA87EE1C50DD2F00D593A1 /* UIKit.framework in Frameworks */,
			);
			runOnlyForDeploymentPostprocessing = 0;
		};
		D3EA87B51C50BF6200D593A1 /* Frameworks */ = {
			isa = PBXFrameworksBuildPhase;
			buildActionMask = 2147483647;
			files = (
			);
			runOnlyForDeploymentPostprocessing = 0;
		};
		D3EA87C01C50BF6200D593A1 /* Frameworks */ = {
			isa = PBXFrameworksBuildPhase;
			buildActionMask = 2147483647;
			files = (
			);
			runOnlyForDeploymentPostprocessing = 0;
		};
/* End PBXFrameworksBuildPhase section */

/* Begin PBXGroup section */
		D32916801C55B30200CE46B6 /* Category */ = {
			isa = PBXGroup;
			children = (
				D38CBE7D1C51DFD400084126 /* NSString+MD5.h */,
				D38CBE7E1C51DFD400084126 /* NSString+MD5.m */,
				D32916971C55B6CA00CE46B6 /* UIColor+HexColor.h */,
				D32916981C55B6CA00CE46B6 /* UIColor+HexColor.m */,
				D3DF76321C757B5600CF6C52 /* NSObject+Associating.h */,
				D3DF76331C757B5600CF6C52 /* NSObject+Associating.m */,
			);
			name = Category;
			sourceTree = "<group>";
		};
		D32916811C55B30D00CE46B6 /* Constant */ = {
			isa = PBXGroup;
			children = (
				D32916901C55B40F00CE46B6 /* Config.h */,
				D32916821C55B36400CE46B6 /* CommonString.h */,
				D32916831C55B36400CE46B6 /* CommonString.m */,
				D32916851C55B37800CE46B6 /* StoryboardId.h */,
				D32916861C55B37800CE46B6 /* StoryboardId.m */,
				D32916881C55B38D00CE46B6 /* CommonSize.h */,
				D32916891C55B38D00CE46B6 /* CommonSize.m */,
				D329168B1C55B3B300CE46B6 /* Enumeration.h */,
				D329168C1C55B3D800CE46B6 /* CommonColor.h */,
				D329168D1C55B3D800CE46B6 /* CommonColor.m */,
				D329168F1C55B3F500CE46B6 /* Macro.h */,
				D32916911C55B4C300CE46B6 /* BaseUrl.h */,
				D32916921C55B51900CE46B6 /* CommonResource.h */,
				D32916931C55B51900CE46B6 /* CommonResource.m */,
				D32916EB1C55BA5600CE46B6 /* KeyServer.h */,
				D36579101C55C2C200F51DA3 /* Log.h */,
				D36579251C55F70600F51DA3 /* CommonConstant.h */,
				D36579261C55F70600F51DA3 /* CommonConstant.m */,
			);
			name = Constant;
			sourceTree = "<group>";
		};
		D32916951C55B5B700CE46B6 /* Modal */ = {
			isa = PBXGroup;
			children = (
				D32916E21C55B84100CE46B6 /* Movie.h */,
				D32916E31C55B84100CE46B6 /* Movie.m */,
				D32916E81C55BA0700CE46B6 /* User.h */,
				D32916E91C55BA0700CE46B6 /* User.m */,
				D32916E51C55B98E00CE46B6 /* DataManager.h */,
				D32916E61C55B98E00CE46B6 /* DataManager.m */,
				D365791C1C55DAB000F51DA3 /* MovieSearch.h */,
				D365791D1C55DAB000F51DA3 /* MovieSearch.m */,
				D36579221C55F38E00F51DA3 /* ManageAPI.h */,
				D36579231C55F38E00F51DA3 /* ManageAPI.m */,
				D36579461C58574A00F51DA3 /* DataAccess.h */,
				D36579471C58574A00F51DA3 /* DataAccess.m */,
			);
			name = Modal;
			sourceTree = "<group>";
		};
		D32916961C55B5BE00CE46B6 /* View */ = {
			isa = PBXGroup;
			children = (
				D3EA87E01C50C72B00D593A1 /* Storyboard */,
			);
			name = View;
			sourceTree = "<group>";
		};
		D329169A1C55B73B00CE46B6 /* ThirdParties */ = {
			isa = PBXGroup;
			children = (
				D3DF763B1C75B8D000CF6C52 /* UIImageLoader.h */,
				D3DF763C1C75B8D000CF6C52 /* UIImageLoader.m */,
				D36579691C60503A00F51DA3 /* MPMoviePlayerController+Subtitles */,
				D36579451C58565500F51DA3 /* DBAccess */,
				D329169B1C55B75D00CE46B6 /* MBProgressHUD */,
				D32916A51C55B76B00CE46B6 /* iToast */,
				D32916A61C55B7DF00CE46B6 /* AFNetworking */,
				D365792C1C56049100F51DA3 /* JASidePanels */,
			);
			name = ThirdParties;
			sourceTree = "<group>";
		};
		D329169B1C55B75D00CE46B6 /* MBProgressHUD */ = {
			isa = PBXGroup;
			children = (
				D329169C1C55B75D00CE46B6 /* MBProgressHUD.h */,
				D329169D1C55B75D00CE46B6 /* MBProgressHUD.m */,
				D329169E1C55B75D00CE46B6 /* SNLoading.h */,
				D329169F1C55B75D00CE46B6 /* SNLoading.m */,
			);
			path = MBProgressHUD;
			sourceTree = "<group>";
		};
		D32916A51C55B76B00CE46B6 /* iToast */ = {
			isa = PBXGroup;
			children = (
				D32916A21C55B76700CE46B6 /* iToast.h */,
				D32916A31C55B76700CE46B6 /* iToast.m */,
			);
			name = iToast;
			sourceTree = "<group>";
		};
		D32916A61C55B7DF00CE46B6 /* AFNetworking */ = {
			isa = PBXGroup;
			children = (
				D32916A71C55B7DF00CE46B6 /* AFNetworking */,
				D32916BB1C55B7DF00CE46B6 /* LICENSE */,
				D32916BC1C55B7DF00CE46B6 /* README.md */,
				D32916BD1C55B7DF00CE46B6 /* UIKit+AFNetworking */,
			);
			path = AFNetworking;
			sourceTree = "<group>";
		};
		D32916A71C55B7DF00CE46B6 /* AFNetworking */ = {
			isa = PBXGroup;
			children = (
				D32916A81C55B7DF00CE46B6 /* AFHTTPRequestOperation.h */,
				D32916A91C55B7DF00CE46B6 /* AFHTTPRequestOperation.m */,
				D32916AA1C55B7DF00CE46B6 /* AFHTTPRequestOperationManager.h */,
				D32916AB1C55B7DF00CE46B6 /* AFHTTPRequestOperationManager.m */,
				D32916AC1C55B7DF00CE46B6 /* AFHTTPSessionManager.h */,
				D32916AD1C55B7DF00CE46B6 /* AFHTTPSessionManager.m */,
				D32916AE1C55B7DF00CE46B6 /* AFNetworking.h */,
				D32916AF1C55B7DF00CE46B6 /* AFNetworkReachabilityManager.h */,
				D32916B01C55B7DF00CE46B6 /* AFNetworkReachabilityManager.m */,
				D32916B11C55B7DF00CE46B6 /* AFSecurityPolicy.h */,
				D32916B21C55B7DF00CE46B6 /* AFSecurityPolicy.m */,
				D32916B31C55B7DF00CE46B6 /* AFURLConnectionOperation.h */,
				D32916B41C55B7DF00CE46B6 /* AFURLConnectionOperation.m */,
				D32916B51C55B7DF00CE46B6 /* AFURLRequestSerialization.h */,
				D32916B61C55B7DF00CE46B6 /* AFURLRequestSerialization.m */,
				D32916B71C55B7DF00CE46B6 /* AFURLResponseSerialization.h */,
				D32916B81C55B7DF00CE46B6 /* AFURLResponseSerialization.m */,
				D32916B91C55B7DF00CE46B6 /* AFURLSessionManager.h */,
				D32916BA1C55B7DF00CE46B6 /* AFURLSessionManager.m */,
			);
			path = AFNetworking;
			sourceTree = "<group>";
		};
		D32916BD1C55B7DF00CE46B6 /* UIKit+AFNetworking */ = {
			isa = PBXGroup;
			children = (
				D32916BE1C55B7DF00CE46B6 /* AFNetworkActivityIndicatorManager.h */,
				D32916BF1C55B7DF00CE46B6 /* AFNetworkActivityIndicatorManager.m */,
				D32916C01C55B7DF00CE46B6 /* UIActivityIndicatorView+AFNetworking.h */,
				D32916C11C55B7DF00CE46B6 /* UIActivityIndicatorView+AFNetworking.m */,
				D32916C21C55B7DF00CE46B6 /* UIAlertView+AFNetworking.h */,
				D32916C31C55B7DF00CE46B6 /* UIAlertView+AFNetworking.m */,
				D32916C41C55B7DF00CE46B6 /* UIButton+AFNetworking.h */,
				D32916C51C55B7DF00CE46B6 /* UIButton+AFNetworking.m */,
				D32916C61C55B7DF00CE46B6 /* UIImageView+AFNetworking.h */,
				D32916C71C55B7DF00CE46B6 /* UIImageView+AFNetworking.m */,
				D32916C81C55B7DF00CE46B6 /* UIKit+AFNetworking.h */,
				D32916C91C55B7DF00CE46B6 /* UIProgressView+AFNetworking.h */,
				D32916CA1C55B7DF00CE46B6 /* UIProgressView+AFNetworking.m */,
				D32916CB1C55B7DF00CE46B6 /* UIRefreshControl+AFNetworking.h */,
				D32916CC1C55B7DF00CE46B6 /* UIRefreshControl+AFNetworking.m */,
				D32916CD1C55B7DF00CE46B6 /* UIWebView+AFNetworking.h */,
				D32916CE1C55B7DF00CE46B6 /* UIWebView+AFNetworking.m */,
			);
			path = "UIKit+AFNetworking";
			sourceTree = "<group>";
		};
		D35C601C1C718A3E0026A710 /* UpdateMovieController */ = {
			isa = PBXGroup;
			children = (
				D35C601D1C718A670026A710 /* UpdateMovieController.h */,
				D35C601E1C718A670026A710 /* UpdateMovieController.m */,
			);
			name = UpdateMovieController;
			sourceTree = "<group>";
		};
		D36579141C55D0F900F51DA3 /* SlideMenuController */ = {
			isa = PBXGroup;
			children = (
				D36579191C55D1B300F51DA3 /* SlideMenuController.h */,
				D365791A1C55D1B300F51DA3 /* SlideMenuController.m */,
				D365794B1C58A65E00F51DA3 /* SlideMenuCell.h */,
				D365794C1C58A65E00F51DA3 /* SlideMenuCell.m */,
				D3DF75DD1C72C61100CF6C52 /* ListMenuController.h */,
				D3DF75DE1C72C61100CF6C52 /* ListMenuController.m */,
			);
			name = SlideMenuController;
			sourceTree = "<group>";
		};
		D36579151C55D10100F51DA3 /* FilmController */ = {
			isa = PBXGroup;
			children = (
				D365795B1C5EEFA000F51DA3 /* FilmController.h */,
				D365795C1C5EEFA000F51DA3 /* FilmController.m */,
			);
			name = FilmController;
			sourceTree = "<group>";
		};
		D365792B1C5602AA00F51DA3 /* MainController */ = {
			isa = PBXGroup;
			children = (
				D36579281C5602A600F51DA3 /* MainController.h */,
				D36579291C5602A600F51DA3 /* MainController.m */,
				D36579371C5616CF00F51DA3 /* DetailMovieCell.h */,
				D36579381C5616D000F51DA3 /* DetailMovieCell.m */,
				D365793D1C570C2E00F51DA3 /* MovieCell.h */,
				D365793E1C570C2E00F51DA3 /* MovieCell.m */,
				D36579401C570FA700F51DA3 /* CollectionMovie.h */,
				D36579411C570FA700F51DA3 /* CollectionMovie.m */,
				D36579551C59F1B800F51DA3 /* TopMovieCell.h */,
				D36579561C59F1B800F51DA3 /* TopMovieCell.m */,
			);
			name = MainController;
			sourceTree = "<group>";
		};
		D365792C1C56049100F51DA3 /* JASidePanels */ = {
			isa = PBXGroup;
			children = (
				D365792D1C56049100F51DA3 /* Source */,
			);
			path = JASidePanels;
			sourceTree = "<group>";
		};
		D365792D1C56049100F51DA3 /* Source */ = {
			isa = PBXGroup;
			children = (
				D365792E1C56049100F51DA3 /* JASidePanelController.h */,
				D365792F1C56049100F51DA3 /* JASidePanelController.m */,
				D36579301C56049100F51DA3 /* UIViewController+JASidePanel.h */,
				D36579311C56049100F51DA3 /* UIViewController+JASidePanel.m */,
			);
			path = Source;
			sourceTree = "<group>";
		};
		D36579451C58565500F51DA3 /* DBAccess */ = {
			isa = PBXGroup;
			children = (
				D36579431C58565200F51DA3 /* DBAccess.framework */,
			);
			name = DBAccess;
			sourceTree = "<group>";
		};
		D36579621C5F408300F51DA3 /* SearchController */ = {
			isa = PBXGroup;
			children = (
				D36579631C5F40A200F51DA3 /* SearchController.h */,
				D36579641C5F40A200F51DA3 /* SearchController.m */,
				D36579661C5F48B000F51DA3 /* SearchCell.h */,
				D36579671C5F48B000F51DA3 /* SearchCell.m */,
			);
			name = SearchController;
			sourceTree = "<group>";
		};
		D36579691C60503A00F51DA3 /* MPMoviePlayerController+Subtitles */ = {
			isa = PBXGroup;
			children = (
				D365796A1C60508200F51DA3 /* MPMoviePlayerController+Subtitles.h */,
				D365796B1C60508200F51DA3 /* MPMoviePlayerController+Subtitles.m */,
			);
			name = "MPMoviePlayerController+Subtitles";
			sourceTree = "<group>";
		};
		D365796D1C6088A900F51DA3 /* NavigationController */ = {
			isa = PBXGroup;
			children = (
				D365796E1C6088E800F51DA3 /* NavigationMovieCustomController.h */,
				D365796F1C6088E800F51DA3 /* NavigationMovieCustomController.m */,
			);
			name = NavigationController;
			sourceTree = "<group>";
		};
		D36579731C61E36100F51DA3 /* EpisodeController */ = {
			isa = PBXGroup;
			children = (
				D36579741C61E39500F51DA3 /* EpisodeController.h */,
				D36579751C61E39500F51DA3 /* EpisodeController.m */,
			);
			name = EpisodeController;
			sourceTree = "<group>";
		};
		D38CBE741C51D77D00084126 /* PlayController */ = {
			isa = PBXGroup;
			children = (
				D38CBE751C51D7AC00084126 /* PlayController.h */,
				D38CBE761C51D7AC00084126 /* PlayController.m */,
				D365794E1C58B07300F51DA3 /* PlayMovieCell.h */,
				D365794F1C58B07300F51DA3 /* PlayMovieCell.m */,
			);
			name = PlayController;
			sourceTree = "<group>";
		};
		D38CBE7C1C51DFAB00084126 /* Config */ = {
			isa = PBXGroup;
			children = (
				D32916811C55B30D00CE46B6 /* Constant */,
				D32916801C55B30200CE46B6 /* Category */,
			);
			name = Config;
			sourceTree = "<group>";
		};
		D3DF762C1C74493E00CF6C52 /* ReportBugController */ = {
			isa = PBXGroup;
			children = (
				D3DF762D1C74495E00CF6C52 /* ReportBugController.h */,
				D3DF762E1C74495E00CF6C52 /* ReportBugController.m */,
			);
			name = ReportBugController;
			sourceTree = "<group>";
		};
		D3EA87961C50BF6200D593A1 = {
			isa = PBXGroup;
			children = (
				D38CBE781C51D83A00084126 /* MediaPlayer.framework */,
				D3EA87ED1C50DD2F00D593A1 /* UIKit.framework */,
				D3EA87A11C50BF6200D593A1 /* HDVietFree */,
				D3EA87BB1C50BF6200D593A1 /* HDVietFreeTests */,
				D3EA87C61C50BF6200D593A1 /* HDVietFreeUITests */,
				D3EA87A01C50BF6200D593A1 /* Products */,
			);
			sourceTree = "<group>";
		};
		D3EA87A01C50BF6200D593A1 /* Products */ = {
			isa = PBXGroup;
			children = (
				D3EA879F1C50BF6200D593A1 /* HDVietFree.app */,
				D3EA87B81C50BF6200D593A1 /* HDVietFreeTests.xctest */,
				D3EA87C31C50BF6200D593A1 /* HDVietFreeUITests.xctest */,
			);
			name = Products;
			sourceTree = "<group>";
		};
		D3EA87A11C50BF6200D593A1 /* HDVietFree */ = {
			isa = PBXGroup;
			children = (
				D329169A1C55B73B00CE46B6 /* ThirdParties */,
				D32916951C55B5B700CE46B6 /* Modal */,
				D32916961C55B5BE00CE46B6 /* View */,
				D3EA87E21C50C74900D593A1 /* Controller */,
				D38CBE7C1C51DFAB00084126 /* Config */,
				D3EA87E71C50D9EB00D593A1 /* UIDelegate */,
				D3EA87E31C50D98C00D593A1 /* Utilities */,
				D3EA87E11C50C73800D593A1 /* AppDelegate */,
				D3EA87DF1C50C72000D593A1 /* Resource */,
				D3EA87B31C50BF6200D593A1 /* Info.plist */,
				D3EA87A21C50BF6200D593A1 /* Supporting Files */,
				D3DF76301C74765500CF6C52 /* crashed.plist */,
			);
			path = HDVietFree;
			sourceTree = "<group>";
		};
		D3EA87A21C50BF6200D593A1 /* Supporting Files */ = {
			isa = PBXGroup;
			children = (
				D3EA87A31C50BF6200D593A1 /* main.m */,
			);
			name = "Supporting Files";
			sourceTree = "<group>";
		};
		D3EA87BB1C50BF6200D593A1 /* HDVietFreeTests */ = {
			isa = PBXGroup;
			children = (
				D3EA87BC1C50BF6200D593A1 /* HDVietFreeTests.m */,
				D3EA87BE1C50BF6200D593A1 /* Info.plist */,
			);
			path = HDVietFreeTests;
			sourceTree = "<group>";
		};
		D3EA87C61C50BF6200D593A1 /* HDVietFreeUITests */ = {
			isa = PBXGroup;
			children = (
				D3EA87C71C50BF6200D593A1 /* HDVietFreeUITests.m */,
				D3EA87C91C50BF6200D593A1 /* Info.plist */,
			);
			path = HDVietFreeUITests;
			sourceTree = "<group>";
		};
		D3EA87DE1C50C71500D593A1 /* LoginController */ = {
			isa = PBXGroup;
			children = (
				D3EA87DB1C50C6FC00D593A1 /* LoginController.h */,
				D3EA87DC1C50C6FC00D593A1 /* LoginController.m */,
			);
			name = LoginController;
			sourceTree = "<group>";
		};
		D3EA87DF1C50C72000D593A1 /* Resource */ = {
			isa = PBXGroup;
			children = (
				D3DF76391C75992500CF6C52 /* no_image.png */,
				D3DF75EE1C72F9FE00CF6C52 /* home__select_icon.png */,
				D3DF75EF1C72F9FE00CF6C52 /* logout_select_icon.png */,
				D3DF75F01C72F9FE00CF6C52 /* phimbo_select_icon.png */,
				D3DF75F11C72F9FE00CF6C52 /* phimle_select_icon.png */,
				D3DF75F21C72F9FE00CF6C52 /* update_select_icon.png */,
				D3DF762A1C74465800CF6C52 /* report_icon.png */,
				D3DF75E41C72F5D300CF6C52 /* home_icon.png */,
				D3DF75E51C72F5D300CF6C52 /* logout_icon.png */,
				D3DF75E61C72F5D300CF6C52 /* phimbo_icon.png */,
				D3DF75E71C72F5D300CF6C52 /* phimle_icon.png */,
				D3DF75E81C72F5D300CF6C52 /* update_icon.png */,
				D36579711C608B5500F51DA3 /* delete.png */,
				D36579601C5F3F5F00F51DA3 /* search_icon.png */,
				D365795E1C5EFF7800F51DA3 /* play_youtube_icon.png */,
				D36579531C58CE1E00F51DA3 /* play_icon.png */,
				D36579491C5889F700F51DA3 /* user_icon.png */,
				D3EA87D91C50C3A400D593A1 /* ic_launcher.png */,
				D3EA87D51C50C1B300D593A1 /* loading_bg.png */,
				D3EA87D71C50C22B00D593A1 /* button_active.png */,
				D3EA87AE1C50BF6200D593A1 /* Assets.xcassets */,
				D3EA87EB1C50DA9000D593A1 /* HDVietPrefix.pch */,
			);
			name = Resource;
			sourceTree = "<group>";
		};
		D3EA87E01C50C72B00D593A1 /* Storyboard */ = {
			isa = PBXGroup;
			children = (
				D3EA87AB1C50BF6200D593A1 /* Main.storyboard */,
				D3EA87B01C50BF6200D593A1 /* LaunchScreen.storyboard */,
			);
			name = Storyboard;
			sourceTree = "<group>";
		};
		D3EA87E11C50C73800D593A1 /* AppDelegate */ = {
			isa = PBXGroup;
			children = (
				D3EA87A51C50BF6200D593A1 /* AppDelegate.h */,
				D3EA87A61C50BF6200D593A1 /* AppDelegate.m */,
			);
			name = AppDelegate;
			sourceTree = "<group>";
		};
		D3EA87E21C50C74900D593A1 /* Controller */ = {
			isa = PBXGroup;
			children = (
				D3DF762C1C74493E00CF6C52 /* ReportBugController */,
				D35C601C1C718A3E0026A710 /* UpdateMovieController */,
				D36579731C61E36100F51DA3 /* EpisodeController */,
				D365796D1C6088A900F51DA3 /* NavigationController */,
				D36579621C5F408300F51DA3 /* SearchController */,
				D36579151C55D10100F51DA3 /* FilmController */,
				D36579141C55D0F900F51DA3 /* SlideMenuController */,
				D38CBE741C51D77D00084126 /* PlayController */,
				D3EA87DE1C50C71500D593A1 /* LoginController */,
				D365792B1C5602AA00F51DA3 /* MainController */,
			);
			name = Controller;
			sourceTree = "<group>";
		};
		D3EA87E31C50D98C00D593A1 /* Utilities */ = {
			isa = PBXGroup;
			children = (
				D3EA87E41C50D9C400D593A1 /* Utilities.h */,
				D3EA87E51C50D9C400D593A1 /* Utilities.m */,
			);
			name = Utilities;
			sourceTree = "<group>";
		};
		D3EA87E71C50D9EB00D593A1 /* UIDelegate */ = {
			isa = PBXGroup;
			children = (
				D3EA87EA1C50DA4300D593A1 /* UIDelegate.h */,
				D3EA87EC1C50DC3500D593A1 /* FixAutoLayoutDelegate.h */,
			);
			name = UIDelegate;
			sourceTree = "<group>";
		};
/* End PBXGroup section */

/* Begin PBXNativeTarget section */
		D3EA879E1C50BF6200D593A1 /* HDVietFree */ = {
			isa = PBXNativeTarget;
			buildConfigurationList = D3EA87CC1C50BF6200D593A1 /* Build configuration list for PBXNativeTarget "HDVietFree" */;
			buildPhases = (
				D3EA879B1C50BF6200D593A1 /* Sources */,
				D3EA879C1C50BF6200D593A1 /* Frameworks */,
				D3EA879D1C50BF6200D593A1 /* Resources */,
			);
			buildRules = (
			);
			dependencies = (
			);
			name = HDVietFree;
			productName = HDVietFree;
			productReference = D3EA879F1C50BF6200D593A1 /* HDVietFree.app */;
			productType = "com.apple.product-type.application";
		};
		D3EA87B71C50BF6200D593A1 /* HDVietFreeTests */ = {
			isa = PBXNativeTarget;
			buildConfigurationList = D3EA87CF1C50BF6200D593A1 /* Build configuration list for PBXNativeTarget "HDVietFreeTests" */;
			buildPhases = (
				D3EA87B41C50BF6200D593A1 /* Sources */,
				D3EA87B51C50BF6200D593A1 /* Frameworks */,
				D3EA87B61C50BF6200D593A1 /* Resources */,
			);
			buildRules = (
			);
			dependencies = (
				D3EA87BA1C50BF6200D593A1 /* PBXTargetDependency */,
			);
			name = HDVietFreeTests;
			productName = HDVietFreeTests;
			productReference = D3EA87B81C50BF6200D593A1 /* HDVietFreeTests.xctest */;
			productType = "com.apple.product-type.bundle.unit-test";
		};
		D3EA87C21C50BF6200D593A1 /* HDVietFreeUITests */ = {
			isa = PBXNativeTarget;
			buildConfigurationList = D3EA87D21C50BF6200D593A1 /* Build configuration list for PBXNativeTarget "HDVietFreeUITests" */;
			buildPhases = (
				D3EA87BF1C50BF6200D593A1 /* Sources */,
				D3EA87C01C50BF6200D593A1 /* Frameworks */,
				D3EA87C11C50BF6200D593A1 /* Resources */,
			);
			buildRules = (
			);
			dependencies = (
				D3EA87C51C50BF6200D593A1 /* PBXTargetDependency */,
			);
			name = HDVietFreeUITests;
			productName = HDVietFreeUITests;
			productReference = D3EA87C31C50BF6200D593A1 /* HDVietFreeUITests.xctest */;
			productType = "com.apple.product-type.bundle.ui-testing";
		};
/* End PBXNativeTarget section */

/* Begin PBXProject section */
		D3EA87971C50BF6200D593A1 /* Project object */ = {
			isa = PBXProject;
			attributes = {
				LastUpgradeCheck = 0720;
				ORGANIZATIONNAME = Brian;
				TargetAttributes = {
					D3EA879E1C50BF6200D593A1 = {
						CreatedOnToolsVersion = 7.2;
					};
					D3EA87B71C50BF6200D593A1 = {
						CreatedOnToolsVersion = 7.2;
						TestTargetID = D3EA879E1C50BF6200D593A1;
					};
					D3EA87C21C50BF6200D593A1 = {
						CreatedOnToolsVersion = 7.2;
						TestTargetID = D3EA879E1C50BF6200D593A1;
					};
				};
			};
			buildConfigurationList = D3EA879A1C50BF6200D593A1 /* Build configuration list for PBXProject "HDVietFree" */;
			compatibilityVersion = "Xcode 3.2";
			developmentRegion = English;
			hasScannedForEncodings = 0;
			knownRegions = (
				en,
				Base,
			);
			mainGroup = D3EA87961C50BF6200D593A1;
			productRefGroup = D3EA87A01C50BF6200D593A1 /* Products */;
			projectDirPath = "";
			projectRoot = "";
			targets = (
				D3EA879E1C50BF6200D593A1 /* HDVietFree */,
				D3EA87B71C50BF6200D593A1 /* HDVietFreeTests */,
				D3EA87C21C50BF6200D593A1 /* HDVietFreeUITests */,
			);
		};
/* End PBXProject section */

/* Begin PBXResourcesBuildPhase section */
		D3EA879D1C50BF6200D593A1 /* Resources */ = {
			isa = PBXResourcesBuildPhase;
			buildActionMask = 2147483647;
			files = (
				D3DF75EB1C72F5D300CF6C52 /* phimbo_icon.png in Resources */,
				D3DF76311C74765500CF6C52 /* crashed.plist in Resources */,
				D3DF75E91C72F5D300CF6C52 /* home_icon.png in Resources */,
				D36579721C608B5500F51DA3 /* delete.png in Resources */,
				D3DF763A1C75992500CF6C52 /* no_image.png in Resources */,
				D3DF75F71C72F9FE00CF6C52 /* update_select_icon.png in Resources */,
				D3DF75EA1C72F5D300CF6C52 /* logout_icon.png in Resources */,
				D3EA87B21C50BF6200D593A1 /* LaunchScreen.storyboard in Resources */,
				D36579541C58CE1E00F51DA3 /* play_icon.png in Resources */,
				D3EA87DA1C50C3A400D593A1 /* ic_launcher.png in Resources */,
				D3EA87D81C50C22B00D593A1 /* button_active.png in Resources */,
				D365795F1C5EFF7800F51DA3 /* play_youtube_icon.png in Resources */,
				D3DF75F61C72F9FE00CF6C52 /* phimle_select_icon.png in Resources */,
				D3DF75EC1C72F5D300CF6C52 /* phimle_icon.png in Resources */,
				D32916D81C55B7DF00CE46B6 /* LICENSE in Resources */,
				D36579611C5F3F5F00F51DA3 /* search_icon.png in Resources */,
				D3EA87AF1C50BF6200D593A1 /* Assets.xcassets in Resources */,
				D3EA87AD1C50BF6200D593A1 /* Main.storyboard in Resources */,
				D3EA87D61C50C1B300D593A1 /* loading_bg.png in Resources */,
				D3DF762B1C74465800CF6C52 /* report_icon.png in Resources */,
				D3DF75ED1C72F5D300CF6C52 /* update_icon.png in Resources */,
				D3DF75F41C72F9FE00CF6C52 /* logout_select_icon.png in Resources */,
				D365794A1C5889F700F51DA3 /* user_icon.png in Resources */,
				D3DF75F31C72F9FE00CF6C52 /* home__select_icon.png in Resources */,
				D3DF75F51C72F9FE00CF6C52 /* phimbo_select_icon.png in Resources */,
			);
			runOnlyForDeploymentPostprocessing = 0;
		};
		D3EA87B61C50BF6200D593A1 /* Resources */ = {
			isa = PBXResourcesBuildPhase;
			buildActionMask = 2147483647;
			files = (
			);
			runOnlyForDeploymentPostprocessing = 0;
		};
		D3EA87C11C50BF6200D593A1 /* Resources */ = {
			isa = PBXResourcesBuildPhase;
			buildActionMask = 2147483647;
			files = (
			);
			runOnlyForDeploymentPostprocessing = 0;
		};
/* End PBXResourcesBuildPhase section */

/* Begin PBXSourcesBuildPhase section */
		D3EA879B1C50BF6200D593A1 /* Sources */ = {
			isa = PBXSourcesBuildPhase;
			buildActionMask = 2147483647;
			files = (
				D36579331C56049100F51DA3 /* UIViewController+JASidePanel.m in Sources */,
				D329168E1C55B3D800CE46B6 /* CommonColor.m in Sources */,
				D365793F1C570C2E00F51DA3 /* MovieCell.m in Sources */,
				D36579481C58574A00F51DA3 /* DataAccess.m in Sources */,
				D32916DE1C55B7DF00CE46B6 /* UIImageView+AFNetworking.m in Sources */,
				D32916E01C55B7DF00CE46B6 /* UIRefreshControl+AFNetworking.m in Sources */,
				D38CBE7F1C51DFD400084126 /* NSString+MD5.m in Sources */,
				D3EA87A71C50BF6200D593A1 /* AppDelegate.m in Sources */,
				D36579571C59F1B800F51DA3 /* TopMovieCell.m in Sources */,
				D36579241C55F38E00F51DA3 /* ManageAPI.m in Sources */,
				D32916E11C55B7DF00CE46B6 /* UIWebView+AFNetworking.m in Sources */,
				D32916D11C55B7DF00CE46B6 /* AFHTTPSessionManager.m in Sources */,
				D36579391C5616D000F51DA3 /* DetailMovieCell.m in Sources */,
				D32916A41C55B76700CE46B6 /* iToast.m in Sources */,
				D32916D21C55B7DF00CE46B6 /* AFNetworkReachabilityManager.m in Sources */,
				D32916CF1C55B7DF00CE46B6 /* AFHTTPRequestOperation.m in Sources */,
				D32916D51C55B7DF00CE46B6 /* AFURLRequestSerialization.m in Sources */,
				D365794D1C58A65E00F51DA3 /* SlideMenuCell.m in Sources */,
				D36579271C55F70600F51DA3 /* CommonConstant.m in Sources */,
				D32916D41C55B7DF00CE46B6 /* AFURLConnectionOperation.m in Sources */,
				D32916D71C55B7DF00CE46B6 /* AFURLSessionManager.m in Sources */,
				D32916DF1C55B7DF00CE46B6 /* UIProgressView+AFNetworking.m in Sources */,
				D38CBE771C51D7AC00084126 /* PlayController.m in Sources */,
				D36579681C5F48B000F51DA3 /* SearchCell.m in Sources */,
				D32916DD1C55B7DF00CE46B6 /* UIButton+AFNetworking.m in Sources */,
				D32916E71C55B98E00CE46B6 /* DataManager.m in Sources */,
				D365796C1C60508200F51DA3 /* MPMoviePlayerController+Subtitles.m in Sources */,
				D36579701C6088E800F51DA3 /* NavigationMovieCustomController.m in Sources */,
				D32916E41C55B84100CE46B6 /* Movie.m in Sources */,
				D36579501C58B07300F51DA3 /* PlayMovieCell.m in Sources */,
				D32916841C55B36400CE46B6 /* CommonString.m in Sources */,
				D35C601F1C718A670026A710 /* UpdateMovieController.m in Sources */,
				D3DF75DF1C72C61100CF6C52 /* ListMenuController.m in Sources */,
				D32916D91C55B7DF00CE46B6 /* README.md in Sources */,
				D32916EA1C55BA0700CE46B6 /* User.m in Sources */,
				D32916991C55B6CA00CE46B6 /* UIColor+HexColor.m in Sources */,
				D365791B1C55D1B300F51DA3 /* SlideMenuController.m in Sources */,
				D36579761C61E39500F51DA3 /* EpisodeController.m in Sources */,
				D3EA87A41C50BF6200D593A1 /* main.m in Sources */,
				D32916A11C55B75D00CE46B6 /* SNLoading.m in Sources */,
				D32916DC1C55B7DF00CE46B6 /* UIAlertView+AFNetworking.m in Sources */,
				D3DF76341C757B5600CF6C52 /* NSObject+Associating.m in Sources */,
				D36579651C5F40A200F51DA3 /* SearchController.m in Sources */,
				D3DF762F1C74495E00CF6C52 /* ReportBugController.m in Sources */,
				D365792A1C5602A600F51DA3 /* MainController.m in Sources */,
				D3EA87E61C50D9C400D593A1 /* Utilities.m in Sources */,
				D3EA87DD1C50C6FC00D593A1 /* LoginController.m in Sources */,
				D32916A01C55B75D00CE46B6 /* MBProgressHUD.m in Sources */,
				D329168A1C55B38D00CE46B6 /* CommonSize.m in Sources */,
				D32916D31C55B7DF00CE46B6 /* AFSecurityPolicy.m in Sources */,
				D32916941C55B51900CE46B6 /* CommonResource.m in Sources */,
				D36579421C570FA700F51DA3 /* CollectionMovie.m in Sources */,
				D32916DA1C55B7DF00CE46B6 /* AFNetworkActivityIndicatorManager.m in Sources */,
				D36579321C56049100F51DA3 /* JASidePanelController.m in Sources */,
				D32916D01C55B7DF00CE46B6 /* AFHTTPRequestOperationManager.m in Sources */,
				D32916DB1C55B7DF00CE46B6 /* UIActivityIndicatorView+AFNetworking.m in Sources */,
				D365795D1C5EEFA000F51DA3 /* FilmController.m in Sources */,
				D32916871C55B37800CE46B6 /* StoryboardId.m in Sources */,
				D3DF763D1C75B8D000CF6C52 /* UIImageLoader.m in Sources */,
				D365791E1C55DAB000F51DA3 /* MovieSearch.m in Sources */,
				D32916D61C55B7DF00CE46B6 /* AFURLResponseSerialization.m in Sources */,
			);
			runOnlyForDeploymentPostprocessing = 0;
		};
		D3EA87B41C50BF6200D593A1 /* Sources */ = {
			isa = PBXSourcesBuildPhase;
			buildActionMask = 2147483647;
			files = (
				D3EA87BD1C50BF6200D593A1 /* HDVietFreeTests.m in Sources */,
			);
			runOnlyForDeploymentPostprocessing = 0;
		};
		D3EA87BF1C50BF6200D593A1 /* Sources */ = {
			isa = PBXSourcesBuildPhase;
			buildActionMask = 2147483647;
			files = (
				D3EA87C81C50BF6200D593A1 /* HDVietFreeUITests.m in Sources */,
			);
			runOnlyForDeploymentPostprocessing = 0;
		};
/* End PBXSourcesBuildPhase section */

/* Begin PBXTargetDependency section */
		D3EA87BA1C50BF6200D593A1 /* PBXTargetDependency */ = {
			isa = PBXTargetDependency;
			target = D3EA879E1C50BF6200D593A1 /* HDVietFree */;
			targetProxy = D3EA87B91C50BF6200D593A1 /* PBXContainerItemProxy */;
		};
		D3EA87C51C50BF6200D593A1 /* PBXTargetDependency */ = {
			isa = PBXTargetDependency;
			target = D3EA879E1C50BF6200D593A1 /* HDVietFree */;
			targetProxy = D3EA87C41C50BF6200D593A1 /* PBXContainerItemProxy */;
		};
/* End PBXTargetDependency section */

/* Begin PBXVariantGroup section */
		D3EA87AB1C50BF6200D593A1 /* Main.storyboard */ = {
			isa = PBXVariantGroup;
			children = (
				D3EA87AC1C50BF6200D593A1 /* Base */,
			);
			name = Main.storyboard;
			sourceTree = "<group>";
		};
		D3EA87B01C50BF6200D593A1 /* LaunchScreen.storyboard */ = {
			isa = PBXVariantGroup;
			children = (
				D3EA87B11C50BF6200D593A1 /* Base */,
			);
			name = LaunchScreen.storyboard;
			sourceTree = "<group>";
		};
/* End PBXVariantGroup section */

/* Begin XCBuildConfiguration section */
		D3EA87CA1C50BF6200D593A1 /* Debug */ = {
			isa = XCBuildConfiguration;
			buildSettings = {
				ALWAYS_SEARCH_USER_PATHS = NO;
				CLANG_CXX_LANGUAGE_STANDARD = "gnu++0x";
				CLANG_CXX_LIBRARY = "libc++";
				CLANG_ENABLE_MODULES = YES;
				CLANG_ENABLE_OBJC_ARC = YES;
				CLANG_WARN_BOOL_CONVERSION = YES;
				CLANG_WARN_CONSTANT_CONVERSION = YES;
				CLANG_WARN_DIRECT_OBJC_ISA_USAGE = YES_ERROR;
				CLANG_WARN_EMPTY_BODY = YES;
				CLANG_WARN_ENUM_CONVERSION = YES;
				CLANG_WARN_INT_CONVERSION = YES;
				CLANG_WARN_OBJC_ROOT_CLASS = YES_ERROR;
				CLANG_WARN_UNREACHABLE_CODE = YES;
				CLANG_WARN__DUPLICATE_METHOD_MATCH = YES;
				"CODE_SIGN_IDENTITY[sdk=iphoneos*]" = "iPhone Developer";
				COPY_PHASE_STRIP = NO;
				DEBUG_INFORMATION_FORMAT = dwarf;
				ENABLE_STRICT_OBJC_MSGSEND = YES;
				ENABLE_TESTABILITY = YES;
				GCC_C_LANGUAGE_STANDARD = gnu99;
				GCC_DYNAMIC_NO_PIC = NO;
				GCC_NO_COMMON_BLOCKS = YES;
				GCC_OPTIMIZATION_LEVEL = 0;
				GCC_PRECOMPILE_PREFIX_HEADER = YES;
				GCC_PREFIX_HEADER = "${PROJECT_DIR}/HDVietFree/Resource/Prefix/HDVietPrefix.pch";
				GCC_PREPROCESSOR_DEFINITIONS = (
					"DEBUG=1",
					"$(inherited)",
				);
				GCC_WARN_64_TO_32_BIT_CONVERSION = YES;
				GCC_WARN_ABOUT_RETURN_TYPE = YES_ERROR;
				GCC_WARN_UNDECLARED_SELECTOR = YES;
				GCC_WARN_UNINITIALIZED_AUTOS = YES_AGGRESSIVE;
				GCC_WARN_UNUSED_FUNCTION = YES;
				GCC_WARN_UNUSED_VARIABLE = YES;
				IPHONEOS_DEPLOYMENT_TARGET = 9.2;
				MTL_ENABLE_DEBUG_INFO = YES;
				ONLY_ACTIVE_ARCH = YES;
				SDKROOT = iphoneos;
				TARGETED_DEVICE_FAMILY = "1,2";
			};
			name = Debug;
		};
		D3EA87CB1C50BF6200D593A1 /* Release */ = {
			isa = XCBuildConfiguration;
			buildSettings = {
				ALWAYS_SEARCH_USER_PATHS = NO;
				CLANG_CXX_LANGUAGE_STANDARD = "gnu++0x";
				CLANG_CXX_LIBRARY = "libc++";
				CLANG_ENABLE_MODULES = YES;
				CLANG_ENABLE_OBJC_ARC = YES;
				CLANG_WARN_BOOL_CONVERSION = YES;
				CLANG_WARN_CONSTANT_CONVERSION = YES;
				CLANG_WARN_DIRECT_OBJC_ISA_USAGE = YES_ERROR;
				CLANG_WARN_EMPTY_BODY = YES;
				CLANG_WARN_ENUM_CONVERSION = YES;
				CLANG_WARN_INT_CONVERSION = YES;
				CLANG_WARN_OBJC_ROOT_CLASS = YES_ERROR;
				CLANG_WARN_UNREACHABLE_CODE = YES;
				CLANG_WARN__DUPLICATE_METHOD_MATCH = YES;
				"CODE_SIGN_IDENTITY[sdk=iphoneos*]" = "iPhone Developer";
				COPY_PHASE_STRIP = NO;
				DEBUG_INFORMATION_FORMAT = "dwarf-with-dsym";
				ENABLE_NS_ASSERTIONS = NO;
				ENABLE_STRICT_OBJC_MSGSEND = YES;
				GCC_C_LANGUAGE_STANDARD = gnu99;
				GCC_NO_COMMON_BLOCKS = YES;
				GCC_PRECOMPILE_PREFIX_HEADER = YES;
				GCC_PREFIX_HEADER = "${PROJECT_DIR}/HDVietFree/Resource/Prefix/HDVietPrefix.pch";
				GCC_WARN_64_TO_32_BIT_CONVERSION = YES;
				GCC_WARN_ABOUT_RETURN_TYPE = YES_ERROR;
				GCC_WARN_UNDECLARED_SELECTOR = YES;
				GCC_WARN_UNINITIALIZED_AUTOS = YES_AGGRESSIVE;
				GCC_WARN_UNUSED_FUNCTION = YES;
				GCC_WARN_UNUSED_VARIABLE = YES;
				IPHONEOS_DEPLOYMENT_TARGET = 9.2;
				MTL_ENABLE_DEBUG_INFO = NO;
				SDKROOT = iphoneos;
				TARGETED_DEVICE_FAMILY = "1,2";
				VALIDATE_PRODUCT = YES;
			};
			name = Release;
		};
		D3EA87CD1C50BF6200D593A1 /* Debug */ = {
			isa = XCBuildConfiguration;
			buildSettings = {
				ASSETCATALOG_COMPILER_APPICON_NAME = AppIcon;
				ENABLE_BITCODE = NO;
				FRAMEWORK_SEARCH_PATHS = (
					"$(inherited)",
					"$(PROJECT_DIR)/HDVietFree",
				);
				GCC_PRECOMPILE_PREFIX_HEADER = YES;
				GCC_PREFIX_HEADER = "${PROJECT_DIR}/HDVietFree/Resource/Prefix/HDVietPrefix.pch";
				INFOPLIST_FILE = HDVietFree/Info.plist;
				IPHONEOS_DEPLOYMENT_TARGET = 8.0;
				LD_RUNPATH_SEARCH_PATHS = "$(inherited) @executable_path/Frameworks";
				PRODUCT_BUNDLE_IDENTIFIER = Brian.HDVietFree;
				PRODUCT_NAME = "$(TARGET_NAME)";
				TARGETED_DEVICE_FAMILY = "1,2";
			};
			name = Debug;
		};
		D3EA87CE1C50BF6200D593A1 /* Release */ = {
			isa = XCBuildConfiguration;
			buildSettings = {
				ASSETCATALOG_COMPILER_APPICON_NAME = AppIcon;
				ENABLE_BITCODE = NO;
				FRAMEWORK_SEARCH_PATHS = (
					"$(inherited)",
					"$(PROJECT_DIR)/HDVietFree",
				);
				GCC_PRECOMPILE_PREFIX_HEADER = YES;
				GCC_PREFIX_HEADER = "${PROJECT_DIR}/HDVietFree/Resource/Prefix/HDVietPrefix.pch";
				INFOPLIST_FILE = HDVietFree/Info.plist;
				IPHONEOS_DEPLOYMENT_TARGET = 8.0;
				LD_RUNPATH_SEARCH_PATHS = "$(inherited) @executable_path/Frameworks";
				PRODUCT_BUNDLE_IDENTIFIER = Brian.HDVietFree;
				PRODUCT_NAME = "$(TARGET_NAME)";
				TARGETED_DEVICE_FAMILY = "1,2";
			};
			name = Release;
		};
		D3EA87D01C50BF6200D593A1 /* Debug */ = {
			isa = XCBuildConfiguration;
			buildSettings = {
				BUNDLE_LOADER = "$(TEST_HOST)";
				INFOPLIST_FILE = HDVietFreeTests/Info.plist;
				LD_RUNPATH_SEARCH_PATHS = "$(inherited) @executable_path/Frameworks @loader_path/Frameworks";
				PRODUCT_BUNDLE_IDENTIFIER = Brian.HDVietFreeTests;
				PRODUCT_NAME = "$(TARGET_NAME)";
				TEST_HOST = "$(BUILT_PRODUCTS_DIR)/HDVietFree.app/HDVietFree";
			};
			name = Debug;
		};
		D3EA87D11C50BF6200D593A1 /* Release */ = {
			isa = XCBuildConfiguration;
			buildSettings = {
				BUNDLE_LOADER = "$(TEST_HOST)";
				INFOPLIST_FILE = HDVietFreeTests/Info.plist;
				LD_RUNPATH_SEARCH_PATHS = "$(inherited) @executable_path/Frameworks @loader_path/Frameworks";
				PRODUCT_BUNDLE_IDENTIFIER = Brian.HDVietFreeTests;
				PRODUCT_NAME = "$(TARGET_NAME)";
				TEST_HOST = "$(BUILT_PRODUCTS_DIR)/HDVietFree.app/HDVietFree";
			};
			name = Release;
		};
		D3EA87D31C50BF6200D593A1 /* Debug */ = {
			isa = XCBuildConfiguration;
			buildSettings = {
				INFOPLIST_FILE = HDVietFreeUITests/Info.plist;
				LD_RUNPATH_SEARCH_PATHS = "$(inherited) @executable_path/Frameworks @loader_path/Frameworks";
				PRODUCT_BUNDLE_IDENTIFIER = Brian.HDVietFreeUITests;
				PRODUCT_NAME = "$(TARGET_NAME)";
				TEST_TARGET_NAME = HDVietFree;
				USES_XCTRUNNER = YES;
			};
			name = Debug;
		};
		D3EA87D41C50BF6200D593A1 /* Release */ = {
			isa = XCBuildConfiguration;
			buildSettings = {
				INFOPLIST_FILE = HDVietFreeUITests/Info.plist;
				LD_RUNPATH_SEARCH_PATHS = "$(inherited) @executable_path/Frameworks @loader_path/Frameworks";
				PRODUCT_BUNDLE_IDENTIFIER = Brian.HDVietFreeUITests;
				PRODUCT_NAME = "$(TARGET_NAME)";
				TEST_TARGET_NAME = HDVietFree;
				USES_XCTRUNNER = YES;
			};
			name = Release;
		};
/* End XCBuildConfiguration section */

/* Begin XCConfigurationList section */
		D3EA879A1C50BF6200D593A1 /* Build configuration list for PBXProject "HDVietFree" */ = {
			isa = XCConfigurationList;
			buildConfigurations = (
				D3EA87CA1C50BF6200D593A1 /* Debug */,
				D3EA87CB1C50BF6200D593A1 /* Release */,
			);
			defaultConfigurationIsVisible = 0;
			defaultConfigurationName = Release;
		};
		D3EA87CC1C50BF6200D593A1 /* Build configuration list for PBXNativeTarget "HDVietFree" */ = {
			isa = XCConfigurationList;
			buildConfigurations = (
				D3EA87CD1C50BF6200D593A1 /* Debug */,
				D3EA87CE1C50BF6200D593A1 /* Release */,
			);
			defaultConfigurationIsVisible = 0;
			defaultConfigurationName = Release;
		};
		D3EA87CF1C50BF6200D593A1 /* Build configuration list for PBXNativeTarget "HDVietFreeTests" */ = {
			isa = XCConfigurationList;
			buildConfigurations = (
				D3EA87D01C50BF6200D593A1 /* Debug */,
				D3EA87D11C50BF6200D593A1 /* Release */,
			);
			defaultConfigurationIsVisible = 0;
			defaultConfigurationName = Release;
		};
		D3EA87D21C50BF6200D593A1 /* Build configuration list for PBXNativeTarget "HDVietFreeUITests" */ = {
			isa = XCConfigurationList;
			buildConfigurations = (
				D3EA87D31C50BF6200D593A1 /* Debug */,
				D3EA87D41C50BF6200D593A1 /* Release */,
			);
			defaultConfigurationIsVisible = 0;
			defaultConfigurationName = Release;
		};
/* End XCConfigurationList section */
	};
	rootObject = D3EA87971C50BF6200D593A1 /* Project object */;
}
